
Microsoft Visual Studio Solution File, Format Version 12.00
# Visual Studio Version 16
VisualStudioVersion = 16.0.30011.22
MinimumVisualStudioVersion = 10.0.40219.1
Project("{8BC9CEB8-8B4A-11D0-8D11-00A0C91BC942}") = "xrCDB", "engine.vc2008\xrCDB\xrCDB.vcxproj", "{A19B1DF2-82EC-4364-8BDF-85D13A1C89B5}"
EndProject
Project("{8BC9CEB8-8B4A-11D0-8D11-00A0C91BC942}") = "xrCore", "engine.vc2008\xrCore\xrCore.vcxproj", "{A0F7D1FB-59A7-4717-A7E4-96F37E91998E}"
EndProject
Project("{8BC9CEB8-8B4A-11D0-8D11-00A0C91BC942}") = "xrEngine", "engine.vc2008\xrEngine\xrEngine.vcxproj", "{2578C6D8-660D-48AE-9322-7422F8664F06}"
EndProject
Project("{8BC9CEB8-8B4A-11D0-8D11-00A0C91BC942}") = "xrGame", "engine.vc2008\xrGame\xrGame.vcxproj", "{200652A6-043E-4634-8837-87983B3BD5E0}"
EndProject
Project("{8BC9CEB8-8B4A-11D0-8D11-00A0C91BC942}") = "xrParticles", "engine.vc2008\xrParticles\xrParticles.vcxproj", "{94A1C366-3D19-48E6-8170-4ADC2E70DF97}"
EndProject
Project("{8BC9CEB8-8B4A-11D0-8D11-00A0C91BC942}") = "xrPhysics", "engine.vc2008\xrPhysics\xrPhysics.vcxproj", "{98D24A3D-7666-4C11-9D6E-B10393CE8CBA}"
EndProject
Project("{8BC9CEB8-8B4A-11D0-8D11-00A0C91BC942}") = "xrPlay", "engine.vc2008\xrPlay\xrPlay.vcxproj", "{131A9895-FE16-417A-8C41-16A5994A6D13}"
EndProject
Project("{8BC9CEB8-8B4A-11D0-8D11-00A0C91BC942}") = "xrScripts", "engine.vc2008\xrScripts\xrScripts.vcxproj", "{CC52E0B3-CC35-4934-9302-035B748F3F2C}"
EndProject
Project("{8BC9CEB8-8B4A-11D0-8D11-00A0C91BC942}") = "xrSound", "engine.vc2008\xrSound\xrSound.vcxproj", "{CCCA7859-EB86-493E-9B53-C4235F45B3C5}"
EndProject
Project("{8BC9CEB8-8B4A-11D0-8D11-00A0C91BC942}") = "xrUICore", "engine.vc2008\xrUICore\xrUICore.vcxproj", "{295BF6D3-FE39-41FC-82B3-E94F97E24845}"
EndProject
Project("{2150E333-8FDC-42A3-9474-1A3956D46DE8}") = "Tools", "Tools", "{5E3D3BAF-C318-443F-BA19-37E602FEF71A}"
EndProject
Project("{2150E333-8FDC-42A3-9474-1A3956D46DE8}") = "Pre-build tools", "Pre-build tools", "{A28BCAC5-B838-4447-9557-E35664008FEC}"
EndProject
Project("{8BC9CEB8-8B4A-11D0-8D11-00A0C91BC942}") = "BuildVm", "engine.vc2008\xrScripts\BuildVm\BuildVm.vcxproj", "{9E14D7B5-9D0E-4373-B076-33DD4BECDBA0}"
EndProject
Project("{8BC9CEB8-8B4A-11D0-8D11-00A0C91BC942}") = "GitParser", "engine.vc2008\xrCore\GitParser\GitParser.vcxproj", "{76485157-3A23-47E9-8A5E-5B190F91511C}"
EndProject
Project("{FAE04EC0-301F-11D3-BF4B-00C04F79EFBC}") = "CrashStack", "engine.vc2008\CrashStack\CrashStack.csproj", "{2EC67BBC-CEBD-4B24-993B-1EEC4ABF439B}"
EndProject
Project("{8BC9CEB8-8B4A-11D0-8D11-00A0C91BC942}") = "xrDebugger", "engine.vc2008\xrDebugger\xrDebugger.vcxproj", "{77B2C98B-7F21-4595-9E67-47289E30BDBD}"
EndProject
Project("{2150E333-8FDC-42A3-9474-1A3956D46DE8}") = "Engine", "Engine", "{EE3FA7CC-88F4-428E-ADE1-DD7241638FAB}"
EndProject
Project("{2150E333-8FDC-42A3-9474-1A3956D46DE8}") = "Spectre", "Spectre", "{3EF2B2BE-CFA7-497B-83B5-275D79096129}"
EndProject
Project("{8BC9CEB8-8B4A-11D0-8D11-00A0C91BC942}") = "xrManagedECoreLib", "engine.vc2008\xrManagedECoreLib\xrManagedECoreLib.vcxproj", "{ACE4DA6A-FD27-4006-94BA-E0132A51930E}"
EndProject
Project("{8BC9CEB8-8B4A-11D0-8D11-00A0C91BC942}") = "xrManagedEngineLib", "engine.vc2008\xrManagedEngineLib\xrManagedEngineLib.vcxproj", "{09DC3343-46CA-4D55-BFE3-317C0FF02E52}"
EndProject
Project("{8BC9CEB8-8B4A-11D0-8D11-00A0C91BC942}") = "xrManagedGameLib", "engine.vc2008\xrManagedGameLib\xrManagedGameLib.vcxproj", "{DECF49BA-E334-47D5-8C0C-D6C3DC67A759}"
EndProject
Project("{8BC9CEB8-8B4A-11D0-8D11-00A0C91BC942}") = "xrManagedCoreLib", "engine.vc2008\xrManagedLib\xrManagedLib.vcxproj", "{C4DEFC31-A910-4339-99B3-6C410DC19AD0}"
EndProject
Project("{8BC9CEB8-8B4A-11D0-8D11-00A0C91BC942}") = "xrManagedRenderLib", "engine.vc2008\xrManagedRenderLib\xrManagedRenderLib.vcxproj", "{42986579-D91D-4523-AE54-0BFFEB0748C2}"
EndProject
Project("{8BC9CEB8-8B4A-11D0-8D11-00A0C91BC942}") = "xrManagedUILib", "engine.vc2008\xrManagedUILib\xrManagedUILib.vcxproj", "{D5AB4347-A96F-478D-9B44-9E3CBBDFCBDB}"
EndProject
Project("{2150E333-8FDC-42A3-9474-1A3956D46DE8}") = "Renderers", "Renderers", "{DA8B5B58-70DE-490D-B0AA-92B88596BDB2}"
EndProject
Project("{8BC9CEB8-8B4A-11D0-8D11-00A0C91BC942}") = "xrRender_R4", "engine.vc2008\xrRender\xrRenderPC_R4\xrRender_R4.vcxproj", "{AC9B12ED-A2D7-4337-A981-5BD8430E96D8}"
EndProject
Project("{8BC9CEB8-8B4A-11D0-8D11-00A0C91BC942}") = "xrRender_VK", "engine.vc2008\xrRender\xrRenderVK\xrRender_VK.vcxproj", "{9FB10D09-B11C-4D5C-AC31-F871781EF6EB}"
EndProject
Project("{8BC9CEB8-8B4A-11D0-8D11-00A0C91BC942}") = "xrShaders", "engine.vc2008\xrRender\xrShaders\xrShaders.vcxproj", "{58818F0E-2DA2-48E4-9BB8-4D7629426F25}"
EndProject
Project("{2150E333-8FDC-42A3-9474-1A3956D46DE8}") = "3rd-party", "3rd-party", "{E610A9FD-B941-4395-A9AE-E38156E7D3FF}"
EndProject
Project("{2150E333-8FDC-42A3-9474-1A3956D46DE8}") = "Physics", "Physics", "{699C6852-F2E6-47FC-AE9A-E06C94C65229}"
EndProject
Project("{8BC9CEB8-8B4A-11D0-8D11-00A0C91BC942}") = "IKAN", "3rd-party\IKAN\IKAN.vcxproj", "{471C6E53-3038-4AB2-B913-6DE27C79DD16}"
EndProject
Project("{8BC9CEB8-8B4A-11D0-8D11-00A0C91BC942}") = "ode", "3rd-party\ode\default.vcxproj", "{1BF75FEB-87DD-486C-880B-227987D191C2}"
EndProject
Project("{8BC9CEB8-8B4A-11D0-8D11-00A0C91BC942}") = "OPCODE", "3rd-party\OPCODE\OPCODE.vcxproj", "{AE0574E2-BE4C-49B0-98A6-739176D69277}"
EndProject
Project("{2150E333-8FDC-42A3-9474-1A3956D46DE8}") = "Media", "Media", "{84284E7A-682C-41F9-AE30-2DE553EACC5B}"
EndProject
Project("{8BC9CEB8-8B4A-11D0-8D11-00A0C91BC942}") = "OGG and Vorbis", "SDK\sources\libogg-1.3.2\libogg_static.vcxproj", "{15CBFEFF-7965-41F5-B4E2-21E8795C9159}"
EndProject
Project("{8BC9CEB8-8B4A-11D0-8D11-00A0C91BC942}") = "Theora", "SDK\sources\Theora.vcxproj", "{3E53F102-980E-43D2-A181-0EE92A6BAD54}"
EndProject
Project("{8BC9CEB8-8B4A-11D0-8D11-00A0C91BC942}") = "min_obb", "3rd-party\min_obb\min_obb.vcxproj", "{D1317D51-2172-46BB-898C-CD2363DD8171}"
EndProject
Project("{8BC9CEB8-8B4A-11D0-8D11-00A0C91BC942}") = "lzo", "3rd-party\lzo\lzo.vcxproj", "{4DA914AA-B7E4-4CF3-8AD0-02674BFC44FA}"
EndProject
Project("{8BC9CEB8-8B4A-11D0-8D11-00A0C91BC942}") = "DiscordRichPresense", "3rd-party\DiscordRPC\DiscordRichPresense.vcxproj", "{A5E0EC2A-4783-4A53-AE1E-228464FC8F69}"
EndProject
Global
	GlobalSection(SolutionConfigurationPlatforms) = preSolution
		Debug|Any CPU = Debug|Any CPU
		Debug|Durango = Debug|Durango
		Debug|x64 = Debug|x64
		Debug|x86 = Debug|x86
		LiveEdit|Any CPU = LiveEdit|Any CPU
		LiveEdit|Durango = LiveEdit|Durango
		LiveEdit|x64 = LiveEdit|x64
		LiveEdit|x86 = LiveEdit|x86
		Mixed|Any CPU = Mixed|Any CPU
		Mixed|Durango = Mixed|Durango
		Mixed|x64 = Mixed|x64
		Mixed|x86 = Mixed|x86
		Release|Any CPU = Release|Any CPU
		Release|Durango = Release|Durango
		Release|x64 = Release|x64
		Release|x86 = Release|x86
	EndGlobalSection
	GlobalSection(ProjectConfigurationPlatforms) = postSolution
		{A19B1DF2-82EC-4364-8BDF-85D13A1C89B5}.Debug|Any CPU.ActiveCfg = Debug|x64
		{A19B1DF2-82EC-4364-8BDF-85D13A1C89B5}.Debug|Durango.ActiveCfg = Debug|Durango
		{A19B1DF2-82EC-4364-8BDF-85D13A1C89B5}.Debug|Durango.Build.0 = Debug|Durango
		{A19B1DF2-82EC-4364-8BDF-85D13A1C89B5}.Debug|x64.ActiveCfg = Debug|x64
		{A19B1DF2-82EC-4364-8BDF-85D13A1C89B5}.Debug|x64.Build.0 = Debug|x64
		{A19B1DF2-82EC-4364-8BDF-85D13A1C89B5}.Debug|x86.ActiveCfg = Debug|x64
		{A19B1DF2-82EC-4364-8BDF-85D13A1C89B5}.LiveEdit|Any CPU.ActiveCfg = Release|x64
		{A19B1DF2-82EC-4364-8BDF-85D13A1C89B5}.LiveEdit|Any CPU.Build.0 = Release|x64
		{A19B1DF2-82EC-4364-8BDF-85D13A1C89B5}.LiveEdit|Durango.ActiveCfg = Release|Durango
		{A19B1DF2-82EC-4364-8BDF-85D13A1C89B5}.LiveEdit|Durango.Build.0 = Release|Durango
		{A19B1DF2-82EC-4364-8BDF-85D13A1C89B5}.LiveEdit|x64.ActiveCfg = Release|x64
		{A19B1DF2-82EC-4364-8BDF-85D13A1C89B5}.LiveEdit|x64.Build.0 = Release|x64
		{A19B1DF2-82EC-4364-8BDF-85D13A1C89B5}.LiveEdit|x86.ActiveCfg = Release|x64
		{A19B1DF2-82EC-4364-8BDF-85D13A1C89B5}.LiveEdit|x86.Build.0 = Release|x64
		{A19B1DF2-82EC-4364-8BDF-85D13A1C89B5}.Mixed|Any CPU.ActiveCfg = Release|x64
		{A19B1DF2-82EC-4364-8BDF-85D13A1C89B5}.Mixed|Any CPU.Build.0 = Release|x64
		{A19B1DF2-82EC-4364-8BDF-85D13A1C89B5}.Mixed|Durango.ActiveCfg = Release|Durango
		{A19B1DF2-82EC-4364-8BDF-85D13A1C89B5}.Mixed|Durango.Build.0 = Release|Durango
		{A19B1DF2-82EC-4364-8BDF-85D13A1C89B5}.Mixed|x64.ActiveCfg = Release|x64
		{A19B1DF2-82EC-4364-8BDF-85D13A1C89B5}.Mixed|x64.Build.0 = Release|x64
		{A19B1DF2-82EC-4364-8BDF-85D13A1C89B5}.Mixed|x86.ActiveCfg = Release|x64
		{A19B1DF2-82EC-4364-8BDF-85D13A1C89B5}.Mixed|x86.Build.0 = Release|x64
		{A19B1DF2-82EC-4364-8BDF-85D13A1C89B5}.Release|Any CPU.ActiveCfg = Release|x64
		{A19B1DF2-82EC-4364-8BDF-85D13A1C89B5}.Release|Durango.ActiveCfg = Release|Durango
		{A19B1DF2-82EC-4364-8BDF-85D13A1C89B5}.Release|Durango.Build.0 = Release|Durango
		{A19B1DF2-82EC-4364-8BDF-85D13A1C89B5}.Release|x64.ActiveCfg = Release|x64
		{A19B1DF2-82EC-4364-8BDF-85D13A1C89B5}.Release|x64.Build.0 = Release|x64
		{A19B1DF2-82EC-4364-8BDF-85D13A1C89B5}.Release|x86.ActiveCfg = Release|x64
		{A0F7D1FB-59A7-4717-A7E4-96F37E91998E}.Debug|Any CPU.ActiveCfg = Debug|x64
		{A0F7D1FB-59A7-4717-A7E4-96F37E91998E}.Debug|Durango.ActiveCfg = Debug|Durango
		{A0F7D1FB-59A7-4717-A7E4-96F37E91998E}.Debug|Durango.Build.0 = Debug|Durango
		{A0F7D1FB-59A7-4717-A7E4-96F37E91998E}.Debug|x64.ActiveCfg = Debug|x64
		{A0F7D1FB-59A7-4717-A7E4-96F37E91998E}.Debug|x64.Build.0 = Debug|x64
		{A0F7D1FB-59A7-4717-A7E4-96F37E91998E}.Debug|x86.ActiveCfg = Debug|x64
		{A0F7D1FB-59A7-4717-A7E4-96F37E91998E}.LiveEdit|Any CPU.ActiveCfg = Release|x64
		{A0F7D1FB-59A7-4717-A7E4-96F37E91998E}.LiveEdit|Any CPU.Build.0 = Release|x64
		{A0F7D1FB-59A7-4717-A7E4-96F37E91998E}.LiveEdit|Durango.ActiveCfg = Release|Durango
		{A0F7D1FB-59A7-4717-A7E4-96F37E91998E}.LiveEdit|Durango.Build.0 = Release|Durango
		{A0F7D1FB-59A7-4717-A7E4-96F37E91998E}.LiveEdit|x64.ActiveCfg = Release|x64
		{A0F7D1FB-59A7-4717-A7E4-96F37E91998E}.LiveEdit|x64.Build.0 = Release|x64
		{A0F7D1FB-59A7-4717-A7E4-96F37E91998E}.LiveEdit|x86.ActiveCfg = Release|x64
		{A0F7D1FB-59A7-4717-A7E4-96F37E91998E}.LiveEdit|x86.Build.0 = Release|x64
		{A0F7D1FB-59A7-4717-A7E4-96F37E91998E}.Mixed|Any CPU.ActiveCfg = Mixed|x64
		{A0F7D1FB-59A7-4717-A7E4-96F37E91998E}.Mixed|Durango.ActiveCfg = Mixed|Durango
		{A0F7D1FB-59A7-4717-A7E4-96F37E91998E}.Mixed|Durango.Build.0 = Mixed|Durango
		{A0F7D1FB-59A7-4717-A7E4-96F37E91998E}.Mixed|x64.ActiveCfg = Mixed|x64
		{A0F7D1FB-59A7-4717-A7E4-96F37E91998E}.Mixed|x64.Build.0 = Mixed|x64
		{A0F7D1FB-59A7-4717-A7E4-96F37E91998E}.Mixed|x86.ActiveCfg = Mixed|x64
		{A0F7D1FB-59A7-4717-A7E4-96F37E91998E}.Release|Any CPU.ActiveCfg = Release|x64
		{A0F7D1FB-59A7-4717-A7E4-96F37E91998E}.Release|Durango.ActiveCfg = Release|Durango
		{A0F7D1FB-59A7-4717-A7E4-96F37E91998E}.Release|Durango.Build.0 = Release|Durango
		{A0F7D1FB-59A7-4717-A7E4-96F37E91998E}.Release|x64.ActiveCfg = Release|x64
		{A0F7D1FB-59A7-4717-A7E4-96F37E91998E}.Release|x64.Build.0 = Release|x64
		{A0F7D1FB-59A7-4717-A7E4-96F37E91998E}.Release|x86.ActiveCfg = Release|x64
		{2578C6D8-660D-48AE-9322-7422F8664F06}.Debug|Any CPU.ActiveCfg = Debug|x64
		{2578C6D8-660D-48AE-9322-7422F8664F06}.Debug|Durango.ActiveCfg = Debug|x64
		{2578C6D8-660D-48AE-9322-7422F8664F06}.Debug|x64.ActiveCfg = Debug|x64
		{2578C6D8-660D-48AE-9322-7422F8664F06}.Debug|x64.Build.0 = Debug|x64
		{2578C6D8-660D-48AE-9322-7422F8664F06}.Debug|x86.ActiveCfg = Debug|x64
		{2578C6D8-660D-48AE-9322-7422F8664F06}.LiveEdit|Any CPU.ActiveCfg = LiveEdit|x64
		{2578C6D8-660D-48AE-9322-7422F8664F06}.LiveEdit|Durango.ActiveCfg = LiveEdit|x64
		{2578C6D8-660D-48AE-9322-7422F8664F06}.LiveEdit|x64.ActiveCfg = LiveEdit|x64
		{2578C6D8-660D-48AE-9322-7422F8664F06}.LiveEdit|x64.Build.0 = LiveEdit|x64
		{2578C6D8-660D-48AE-9322-7422F8664F06}.LiveEdit|x86.ActiveCfg = LiveEdit|x64
		{2578C6D8-660D-48AE-9322-7422F8664F06}.Mixed|Any CPU.ActiveCfg = LiveEdit|x64
		{2578C6D8-660D-48AE-9322-7422F8664F06}.Mixed|Any CPU.Build.0 = LiveEdit|x64
		{2578C6D8-660D-48AE-9322-7422F8664F06}.Mixed|Durango.ActiveCfg = LiveEdit|x64
		{2578C6D8-660D-48AE-9322-7422F8664F06}.Mixed|Durango.Build.0 = LiveEdit|x64
		{2578C6D8-660D-48AE-9322-7422F8664F06}.Mixed|x64.ActiveCfg = LiveEdit|x64
		{2578C6D8-660D-48AE-9322-7422F8664F06}.Mixed|x64.Build.0 = LiveEdit|x64
		{2578C6D8-660D-48AE-9322-7422F8664F06}.Mixed|x86.ActiveCfg = LiveEdit|x64
		{2578C6D8-660D-48AE-9322-7422F8664F06}.Mixed|x86.Build.0 = LiveEdit|x64
		{2578C6D8-660D-48AE-9322-7422F8664F06}.Release|Any CPU.ActiveCfg = Release|x64
		{2578C6D8-660D-48AE-9322-7422F8664F06}.Release|Durango.ActiveCfg = Release|x64
		{2578C6D8-660D-48AE-9322-7422F8664F06}.Release|x64.ActiveCfg = Release|x64
		{2578C6D8-660D-48AE-9322-7422F8664F06}.Release|x64.Build.0 = Release|x64
		{2578C6D8-660D-48AE-9322-7422F8664F06}.Release|x86.ActiveCfg = Release|x64
		{200652A6-043E-4634-8837-87983B3BD5E0}.Debug|Any CPU.ActiveCfg = Debug|x64
		{200652A6-043E-4634-8837-87983B3BD5E0}.Debug|Durango.ActiveCfg = Debug|x64
		{200652A6-043E-4634-8837-87983B3BD5E0}.Debug|x64.ActiveCfg = Debug|x64
		{200652A6-043E-4634-8837-87983B3BD5E0}.Debug|x64.Build.0 = Debug|x64
		{200652A6-043E-4634-8837-87983B3BD5E0}.Debug|x86.ActiveCfg = Debug|x64
		{200652A6-043E-4634-8837-87983B3BD5E0}.LiveEdit|Any CPU.ActiveCfg = LiveEdit|x64
		{200652A6-043E-4634-8837-87983B3BD5E0}.LiveEdit|Durango.ActiveCfg = LiveEdit|x64
		{200652A6-043E-4634-8837-87983B3BD5E0}.LiveEdit|x64.ActiveCfg = LiveEdit|x64
		{200652A6-043E-4634-8837-87983B3BD5E0}.LiveEdit|x64.Build.0 = LiveEdit|x64
		{200652A6-043E-4634-8837-87983B3BD5E0}.LiveEdit|x86.ActiveCfg = LiveEdit|x64
		{200652A6-043E-4634-8837-87983B3BD5E0}.Mixed|Any CPU.ActiveCfg = Mixed|x64
		{200652A6-043E-4634-8837-87983B3BD5E0}.Mixed|Durango.ActiveCfg = Mixed|x64
		{200652A6-043E-4634-8837-87983B3BD5E0}.Mixed|x64.ActiveCfg = Mixed|x64
		{200652A6-043E-4634-8837-87983B3BD5E0}.Mixed|x64.Build.0 = Mixed|x64
		{200652A6-043E-4634-8837-87983B3BD5E0}.Mixed|x86.ActiveCfg = Mixed|x64
		{200652A6-043E-4634-8837-87983B3BD5E0}.Release|Any CPU.ActiveCfg = Release|x64
		{200652A6-043E-4634-8837-87983B3BD5E0}.Release|Durango.ActiveCfg = Release|x64
		{200652A6-043E-4634-8837-87983B3BD5E0}.Release|x64.ActiveCfg = Release|x64
		{200652A6-043E-4634-8837-87983B3BD5E0}.Release|x64.Build.0 = Release|x64
		{200652A6-043E-4634-8837-87983B3BD5E0}.Release|x86.ActiveCfg = Release|x64
		{94A1C366-3D19-48E6-8170-4ADC2E70DF97}.Debug|Any CPU.ActiveCfg = Debug|x64
		{94A1C366-3D19-48E6-8170-4ADC2E70DF97}.Debug|Durango.ActiveCfg = Debug|Durango
		{94A1C366-3D19-48E6-8170-4ADC2E70DF97}.Debug|Durango.Build.0 = Debug|Durango
		{94A1C366-3D19-48E6-8170-4ADC2E70DF97}.Debug|x64.ActiveCfg = Debug|x64
		{94A1C366-3D19-48E6-8170-4ADC2E70DF97}.Debug|x64.Build.0 = Debug|x64
		{94A1C366-3D19-48E6-8170-4ADC2E70DF97}.Debug|x86.ActiveCfg = Debug|x64
		{94A1C366-3D19-48E6-8170-4ADC2E70DF97}.LiveEdit|Any CPU.ActiveCfg = Release|x64
		{94A1C366-3D19-48E6-8170-4ADC2E70DF97}.LiveEdit|Any CPU.Build.0 = Release|x64
		{94A1C366-3D19-48E6-8170-4ADC2E70DF97}.LiveEdit|Durango.ActiveCfg = Release|Durango
		{94A1C366-3D19-48E6-8170-4ADC2E70DF97}.LiveEdit|Durango.Build.0 = Release|Durango
		{94A1C366-3D19-48E6-8170-4ADC2E70DF97}.LiveEdit|x64.ActiveCfg = Release|x64
		{94A1C366-3D19-48E6-8170-4ADC2E70DF97}.LiveEdit|x64.Build.0 = Release|x64
		{94A1C366-3D19-48E6-8170-4ADC2E70DF97}.LiveEdit|x86.ActiveCfg = Release|x64
		{94A1C366-3D19-48E6-8170-4ADC2E70DF97}.LiveEdit|x86.Build.0 = Release|x64
		{94A1C366-3D19-48E6-8170-4ADC2E70DF97}.Mixed|Any CPU.ActiveCfg = Release|x64
		{94A1C366-3D19-48E6-8170-4ADC2E70DF97}.Mixed|Any CPU.Build.0 = Release|x64
		{94A1C366-3D19-48E6-8170-4ADC2E70DF97}.Mixed|Durango.ActiveCfg = Release|Durango
		{94A1C366-3D19-48E6-8170-4ADC2E70DF97}.Mixed|Durango.Build.0 = Release|Durango
		{94A1C366-3D19-48E6-8170-4ADC2E70DF97}.Mixed|x64.ActiveCfg = Release|x64
		{94A1C366-3D19-48E6-8170-4ADC2E70DF97}.Mixed|x64.Build.0 = Release|x64
		{94A1C366-3D19-48E6-8170-4ADC2E70DF97}.Mixed|x86.ActiveCfg = Release|x64
		{94A1C366-3D19-48E6-8170-4ADC2E70DF97}.Mixed|x86.Build.0 = Release|x64
		{94A1C366-3D19-48E6-8170-4ADC2E70DF97}.Release|Any CPU.ActiveCfg = Release|x64
		{94A1C366-3D19-48E6-8170-4ADC2E70DF97}.Release|Durango.ActiveCfg = Release|Durango
		{94A1C366-3D19-48E6-8170-4ADC2E70DF97}.Release|Durango.Build.0 = Release|Durango
		{94A1C366-3D19-48E6-8170-4ADC2E70DF97}.Release|x64.ActiveCfg = Release|x64
		{94A1C366-3D19-48E6-8170-4ADC2E70DF97}.Release|x64.Build.0 = Release|x64
		{94A1C366-3D19-48E6-8170-4ADC2E70DF97}.Release|x86.ActiveCfg = Release|x64
		{98D24A3D-7666-4C11-9D6E-B10393CE8CBA}.Debug|Any CPU.ActiveCfg = Debug|x64
		{98D24A3D-7666-4C11-9D6E-B10393CE8CBA}.Debug|Durango.ActiveCfg = Debug|Durango
		{98D24A3D-7666-4C11-9D6E-B10393CE8CBA}.Debug|Durango.Build.0 = Debug|Durango
		{98D24A3D-7666-4C11-9D6E-B10393CE8CBA}.Debug|x64.ActiveCfg = Debug|x64
		{98D24A3D-7666-4C11-9D6E-B10393CE8CBA}.Debug|x64.Build.0 = Debug|x64
		{98D24A3D-7666-4C11-9D6E-B10393CE8CBA}.Debug|x86.ActiveCfg = Debug|x64
		{98D24A3D-7666-4C11-9D6E-B10393CE8CBA}.LiveEdit|Any CPU.ActiveCfg = Release|x64
		{98D24A3D-7666-4C11-9D6E-B10393CE8CBA}.LiveEdit|Any CPU.Build.0 = Release|x64
		{98D24A3D-7666-4C11-9D6E-B10393CE8CBA}.LiveEdit|Durango.ActiveCfg = Release|Durango
		{98D24A3D-7666-4C11-9D6E-B10393CE8CBA}.LiveEdit|Durango.Build.0 = Release|Durango
		{98D24A3D-7666-4C11-9D6E-B10393CE8CBA}.LiveEdit|x64.ActiveCfg = Release|x64
		{98D24A3D-7666-4C11-9D6E-B10393CE8CBA}.LiveEdit|x64.Build.0 = Release|x64
		{98D24A3D-7666-4C11-9D6E-B10393CE8CBA}.LiveEdit|x86.ActiveCfg = Release|x64
		{98D24A3D-7666-4C11-9D6E-B10393CE8CBA}.LiveEdit|x86.Build.0 = Release|x64
		{98D24A3D-7666-4C11-9D6E-B10393CE8CBA}.Mixed|Any CPU.ActiveCfg = Release|x64
		{98D24A3D-7666-4C11-9D6E-B10393CE8CBA}.Mixed|Any CPU.Build.0 = Release|x64
		{98D24A3D-7666-4C11-9D6E-B10393CE8CBA}.Mixed|Durango.ActiveCfg = Release|Durango
		{98D24A3D-7666-4C11-9D6E-B10393CE8CBA}.Mixed|Durango.Build.0 = Release|Durango
		{98D24A3D-7666-4C11-9D6E-B10393CE8CBA}.Mixed|x64.ActiveCfg = Release|x64
		{98D24A3D-7666-4C11-9D6E-B10393CE8CBA}.Mixed|x64.Build.0 = Release|x64
		{98D24A3D-7666-4C11-9D6E-B10393CE8CBA}.Mixed|x86.ActiveCfg = Release|x64
		{98D24A3D-7666-4C11-9D6E-B10393CE8CBA}.Mixed|x86.Build.0 = Release|x64
		{98D24A3D-7666-4C11-9D6E-B10393CE8CBA}.Release|Any CPU.ActiveCfg = Release|x64
		{98D24A3D-7666-4C11-9D6E-B10393CE8CBA}.Release|Durango.ActiveCfg = Release|Durango
		{98D24A3D-7666-4C11-9D6E-B10393CE8CBA}.Release|Durango.Build.0 = Release|Durango
		{98D24A3D-7666-4C11-9D6E-B10393CE8CBA}.Release|x64.ActiveCfg = Release|x64
		{98D24A3D-7666-4C11-9D6E-B10393CE8CBA}.Release|x64.Build.0 = Release|x64
		{98D24A3D-7666-4C11-9D6E-B10393CE8CBA}.Release|x86.ActiveCfg = Release|x64
		{131A9895-FE16-417A-8C41-16A5994A6D13}.Debug|Any CPU.ActiveCfg = Debug|x64
		{131A9895-FE16-417A-8C41-16A5994A6D13}.Debug|Durango.ActiveCfg = Debug|Durango
		{131A9895-FE16-417A-8C41-16A5994A6D13}.Debug|Durango.Build.0 = Debug|Durango
		{131A9895-FE16-417A-8C41-16A5994A6D13}.Debug|x64.ActiveCfg = Debug|x64
		{131A9895-FE16-417A-8C41-16A5994A6D13}.Debug|x64.Build.0 = Debug|x64
		{131A9895-FE16-417A-8C41-16A5994A6D13}.Debug|x86.ActiveCfg = Debug|x64
		{131A9895-FE16-417A-8C41-16A5994A6D13}.LiveEdit|Any CPU.ActiveCfg = Release|x64
		{131A9895-FE16-417A-8C41-16A5994A6D13}.LiveEdit|Any CPU.Build.0 = Release|x64
		{131A9895-FE16-417A-8C41-16A5994A6D13}.LiveEdit|Durango.ActiveCfg = Release|Durango
		{131A9895-FE16-417A-8C41-16A5994A6D13}.LiveEdit|Durango.Build.0 = Release|Durango
		{131A9895-FE16-417A-8C41-16A5994A6D13}.LiveEdit|x64.ActiveCfg = Release|x64
		{131A9895-FE16-417A-8C41-16A5994A6D13}.LiveEdit|x64.Build.0 = Release|x64
		{131A9895-FE16-417A-8C41-16A5994A6D13}.LiveEdit|x86.ActiveCfg = Release|x64
		{131A9895-FE16-417A-8C41-16A5994A6D13}.LiveEdit|x86.Build.0 = Release|x64
		{131A9895-FE16-417A-8C41-16A5994A6D13}.Mixed|Any CPU.ActiveCfg = Release|x64
		{131A9895-FE16-417A-8C41-16A5994A6D13}.Mixed|Any CPU.Build.0 = Release|x64
		{131A9895-FE16-417A-8C41-16A5994A6D13}.Mixed|Durango.ActiveCfg = Release|Durango
		{131A9895-FE16-417A-8C41-16A5994A6D13}.Mixed|Durango.Build.0 = Release|Durango
		{131A9895-FE16-417A-8C41-16A5994A6D13}.Mixed|x64.ActiveCfg = Release|x64
		{131A9895-FE16-417A-8C41-16A5994A6D13}.Mixed|x64.Build.0 = Release|x64
		{131A9895-FE16-417A-8C41-16A5994A6D13}.Mixed|x86.ActiveCfg = Release|x64
		{131A9895-FE16-417A-8C41-16A5994A6D13}.Mixed|x86.Build.0 = Release|x64
		{131A9895-FE16-417A-8C41-16A5994A6D13}.Release|Any CPU.ActiveCfg = Release|x64
		{131A9895-FE16-417A-8C41-16A5994A6D13}.Release|Durango.ActiveCfg = Release|Durango
		{131A9895-FE16-417A-8C41-16A5994A6D13}.Release|Durango.Build.0 = Release|Durango
		{131A9895-FE16-417A-8C41-16A5994A6D13}.Release|x64.ActiveCfg = Release|x64
		{131A9895-FE16-417A-8C41-16A5994A6D13}.Release|x64.Build.0 = Release|x64
		{131A9895-FE16-417A-8C41-16A5994A6D13}.Release|x86.ActiveCfg = Release|x64
		{CC52E0B3-CC35-4934-9302-035B748F3F2C}.Debug|Any CPU.ActiveCfg = Debug|x64
		{CC52E0B3-CC35-4934-9302-035B748F3F2C}.Debug|Durango.ActiveCfg = Debug|Durango
		{CC52E0B3-CC35-4934-9302-035B748F3F2C}.Debug|Durango.Build.0 = Debug|Durango
		{CC52E0B3-CC35-4934-9302-035B748F3F2C}.Debug|x64.ActiveCfg = Debug|x64
		{CC52E0B3-CC35-4934-9302-035B748F3F2C}.Debug|x64.Build.0 = Debug|x64
		{CC52E0B3-CC35-4934-9302-035B748F3F2C}.Debug|x86.ActiveCfg = Debug|x64
		{CC52E0B3-CC35-4934-9302-035B748F3F2C}.LiveEdit|Any CPU.ActiveCfg = Release|x64
		{CC52E0B3-CC35-4934-9302-035B748F3F2C}.LiveEdit|Any CPU.Build.0 = Release|x64
		{CC52E0B3-CC35-4934-9302-035B748F3F2C}.LiveEdit|Durango.ActiveCfg = Release|Durango
		{CC52E0B3-CC35-4934-9302-035B748F3F2C}.LiveEdit|Durango.Build.0 = Release|Durango
		{CC52E0B3-CC35-4934-9302-035B748F3F2C}.LiveEdit|x64.ActiveCfg = Release|x64
		{CC52E0B3-CC35-4934-9302-035B748F3F2C}.LiveEdit|x64.Build.0 = Release|x64
		{CC52E0B3-CC35-4934-9302-035B748F3F2C}.LiveEdit|x86.ActiveCfg = Release|x64
		{CC52E0B3-CC35-4934-9302-035B748F3F2C}.LiveEdit|x86.Build.0 = Release|x64
		{CC52E0B3-CC35-4934-9302-035B748F3F2C}.Mixed|Any CPU.ActiveCfg = Release|x64
		{CC52E0B3-CC35-4934-9302-035B748F3F2C}.Mixed|Any CPU.Build.0 = Release|x64
		{CC52E0B3-CC35-4934-9302-035B748F3F2C}.Mixed|Durango.ActiveCfg = Release|Durango
		{CC52E0B3-CC35-4934-9302-035B748F3F2C}.Mixed|Durango.Build.0 = Release|Durango
		{CC52E0B3-CC35-4934-9302-035B748F3F2C}.Mixed|x64.ActiveCfg = Release|x64
		{CC52E0B3-CC35-4934-9302-035B748F3F2C}.Mixed|x64.Build.0 = Release|x64
		{CC52E0B3-CC35-4934-9302-035B748F3F2C}.Mixed|x86.ActiveCfg = Release|x64
		{CC52E0B3-CC35-4934-9302-035B748F3F2C}.Mixed|x86.Build.0 = Release|x64
		{CC52E0B3-CC35-4934-9302-035B748F3F2C}.Release|Any CPU.ActiveCfg = Release|x64
		{CC52E0B3-CC35-4934-9302-035B748F3F2C}.Release|Durango.ActiveCfg = Release|Durango
		{CC52E0B3-CC35-4934-9302-035B748F3F2C}.Release|Durango.Build.0 = Release|Durango
		{CC52E0B3-CC35-4934-9302-035B748F3F2C}.Release|x64.ActiveCfg = Release|x64
		{CC52E0B3-CC35-4934-9302-035B748F3F2C}.Release|x64.Build.0 = Release|x64
		{CC52E0B3-CC35-4934-9302-035B748F3F2C}.Release|x86.ActiveCfg = Release|x64
		{CCCA7859-EB86-493E-9B53-C4235F45B3C5}.Debug|Any CPU.ActiveCfg = Debug|x64
		{CCCA7859-EB86-493E-9B53-C4235F45B3C5}.Debug|Durango.ActiveCfg = Debug|Durango
		{CCCA7859-EB86-493E-9B53-C4235F45B3C5}.Debug|Durango.Build.0 = Debug|Durango
		{CCCA7859-EB86-493E-9B53-C4235F45B3C5}.Debug|x64.ActiveCfg = Debug|x64
		{CCCA7859-EB86-493E-9B53-C4235F45B3C5}.Debug|x64.Build.0 = Debug|x64
		{CCCA7859-EB86-493E-9B53-C4235F45B3C5}.Debug|x86.ActiveCfg = Debug|x64
		{CCCA7859-EB86-493E-9B53-C4235F45B3C5}.LiveEdit|Any CPU.ActiveCfg = Release|x64
		{CCCA7859-EB86-493E-9B53-C4235F45B3C5}.LiveEdit|Any CPU.Build.0 = Release|x64
		{CCCA7859-EB86-493E-9B53-C4235F45B3C5}.LiveEdit|Durango.ActiveCfg = Release|Durango
		{CCCA7859-EB86-493E-9B53-C4235F45B3C5}.LiveEdit|Durango.Build.0 = Release|Durango
		{CCCA7859-EB86-493E-9B53-C4235F45B3C5}.LiveEdit|x64.ActiveCfg = Release|x64
		{CCCA7859-EB86-493E-9B53-C4235F45B3C5}.LiveEdit|x64.Build.0 = Release|x64
		{CCCA7859-EB86-493E-9B53-C4235F45B3C5}.LiveEdit|x86.ActiveCfg = Release|x64
		{CCCA7859-EB86-493E-9B53-C4235F45B3C5}.LiveEdit|x86.Build.0 = Release|x64
		{CCCA7859-EB86-493E-9B53-C4235F45B3C5}.Mixed|Any CPU.ActiveCfg = Release|x64
		{CCCA7859-EB86-493E-9B53-C4235F45B3C5}.Mixed|Any CPU.Build.0 = Release|x64
		{CCCA7859-EB86-493E-9B53-C4235F45B3C5}.Mixed|Durango.ActiveCfg = Release|Durango
		{CCCA7859-EB86-493E-9B53-C4235F45B3C5}.Mixed|Durango.Build.0 = Release|Durango
		{CCCA7859-EB86-493E-9B53-C4235F45B3C5}.Mixed|x64.ActiveCfg = Release|x64
		{CCCA7859-EB86-493E-9B53-C4235F45B3C5}.Mixed|x64.Build.0 = Release|x64
		{CCCA7859-EB86-493E-9B53-C4235F45B3C5}.Mixed|x86.ActiveCfg = Release|x64
		{CCCA7859-EB86-493E-9B53-C4235F45B3C5}.Mixed|x86.Build.0 = Release|x64
		{CCCA7859-EB86-493E-9B53-C4235F45B3C5}.Release|Any CPU.ActiveCfg = Release|x64
		{CCCA7859-EB86-493E-9B53-C4235F45B3C5}.Release|Durango.ActiveCfg = Release|Durango
		{CCCA7859-EB86-493E-9B53-C4235F45B3C5}.Release|Durango.Build.0 = Release|Durango
		{CCCA7859-EB86-493E-9B53-C4235F45B3C5}.Release|x64.ActiveCfg = Release|x64
		{CCCA7859-EB86-493E-9B53-C4235F45B3C5}.Release|x64.Build.0 = Release|x64
		{CCCA7859-EB86-493E-9B53-C4235F45B3C5}.Release|x86.ActiveCfg = Release|x64
		{295BF6D3-FE39-41FC-82B3-E94F97E24845}.Debug|Any CPU.ActiveCfg = Debug|x64
		{295BF6D3-FE39-41FC-82B3-E94F97E24845}.Debug|Durango.ActiveCfg = Debug|Durango
		{295BF6D3-FE39-41FC-82B3-E94F97E24845}.Debug|Durango.Build.0 = Debug|Durango
		{295BF6D3-FE39-41FC-82B3-E94F97E24845}.Debug|x64.ActiveCfg = Debug|x64
		{295BF6D3-FE39-41FC-82B3-E94F97E24845}.Debug|x64.Build.0 = Debug|x64
		{295BF6D3-FE39-41FC-82B3-E94F97E24845}.Debug|x86.ActiveCfg = Debug|x64
		{295BF6D3-FE39-41FC-82B3-E94F97E24845}.LiveEdit|Any CPU.ActiveCfg = Release|x64
		{295BF6D3-FE39-41FC-82B3-E94F97E24845}.LiveEdit|Any CPU.Build.0 = Release|x64
		{295BF6D3-FE39-41FC-82B3-E94F97E24845}.LiveEdit|Durango.ActiveCfg = Release|Durango
		{295BF6D3-FE39-41FC-82B3-E94F97E24845}.LiveEdit|Durango.Build.0 = Release|Durango
		{295BF6D3-FE39-41FC-82B3-E94F97E24845}.LiveEdit|x64.ActiveCfg = Release|x64
		{295BF6D3-FE39-41FC-82B3-E94F97E24845}.LiveEdit|x64.Build.0 = Release|x64
		{295BF6D3-FE39-41FC-82B3-E94F97E24845}.LiveEdit|x86.ActiveCfg = Release|x64
		{295BF6D3-FE39-41FC-82B3-E94F97E24845}.LiveEdit|x86.Build.0 = Release|x64
		{295BF6D3-FE39-41FC-82B3-E94F97E24845}.Mixed|Any CPU.ActiveCfg = Release|x64
		{295BF6D3-FE39-41FC-82B3-E94F97E24845}.Mixed|Any CPU.Build.0 = Release|x64
		{295BF6D3-FE39-41FC-82B3-E94F97E24845}.Mixed|Durango.ActiveCfg = Release|Durango
		{295BF6D3-FE39-41FC-82B3-E94F97E24845}.Mixed|Durango.Build.0 = Release|Durango
		{295BF6D3-FE39-41FC-82B3-E94F97E24845}.Mixed|x64.ActiveCfg = Release|x64
		{295BF6D3-FE39-41FC-82B3-E94F97E24845}.Mixed|x64.Build.0 = Release|x64
		{295BF6D3-FE39-41FC-82B3-E94F97E24845}.Mixed|x86.ActiveCfg = Release|x64
		{295BF6D3-FE39-41FC-82B3-E94F97E24845}.Mixed|x86.Build.0 = Release|x64
		{295BF6D3-FE39-41FC-82B3-E94F97E24845}.Release|Any CPU.ActiveCfg = Release|x64
		{295BF6D3-FE39-41FC-82B3-E94F97E24845}.Release|Durango.ActiveCfg = Release|Durango
		{295BF6D3-FE39-41FC-82B3-E94F97E24845}.Release|Durango.Build.0 = Release|Durango
		{295BF6D3-FE39-41FC-82B3-E94F97E24845}.Release|x64.ActiveCfg = Release|x64
		{295BF6D3-FE39-41FC-82B3-E94F97E24845}.Release|x64.Build.0 = Release|x64
		{295BF6D3-FE39-41FC-82B3-E94F97E24845}.Release|x86.ActiveCfg = Release|x64
		{9E14D7B5-9D0E-4373-B076-33DD4BECDBA0}.Debug|Any CPU.ActiveCfg = Debug|x64
		{9E14D7B5-9D0E-4373-B076-33DD4BECDBA0}.Debug|Durango.ActiveCfg = Debug|Durango
		{9E14D7B5-9D0E-4373-B076-33DD4BECDBA0}.Debug|Durango.Build.0 = Debug|Durango
		{9E14D7B5-9D0E-4373-B076-33DD4BECDBA0}.Debug|x64.ActiveCfg = Debug|x64
		{9E14D7B5-9D0E-4373-B076-33DD4BECDBA0}.Debug|x64.Build.0 = Debug|x64
		{9E14D7B5-9D0E-4373-B076-33DD4BECDBA0}.Debug|x86.ActiveCfg = Debug|x64
		{9E14D7B5-9D0E-4373-B076-33DD4BECDBA0}.LiveEdit|Any CPU.ActiveCfg = Release|x64
		{9E14D7B5-9D0E-4373-B076-33DD4BECDBA0}.LiveEdit|Any CPU.Build.0 = Release|x64
		{9E14D7B5-9D0E-4373-B076-33DD4BECDBA0}.LiveEdit|Durango.ActiveCfg = Release|Durango
		{9E14D7B5-9D0E-4373-B076-33DD4BECDBA0}.LiveEdit|Durango.Build.0 = Release|Durango
		{9E14D7B5-9D0E-4373-B076-33DD4BECDBA0}.LiveEdit|x64.ActiveCfg = Release|x64
		{9E14D7B5-9D0E-4373-B076-33DD4BECDBA0}.LiveEdit|x64.Build.0 = Release|x64
		{9E14D7B5-9D0E-4373-B076-33DD4BECDBA0}.LiveEdit|x86.ActiveCfg = Release|x64
		{9E14D7B5-9D0E-4373-B076-33DD4BECDBA0}.LiveEdit|x86.Build.0 = Release|x64
		{9E14D7B5-9D0E-4373-B076-33DD4BECDBA0}.Mixed|Any CPU.ActiveCfg = Release|x64
		{9E14D7B5-9D0E-4373-B076-33DD4BECDBA0}.Mixed|Any CPU.Build.0 = Release|x64
		{9E14D7B5-9D0E-4373-B076-33DD4BECDBA0}.Mixed|Durango.ActiveCfg = Release|Durango
		{9E14D7B5-9D0E-4373-B076-33DD4BECDBA0}.Mixed|Durango.Build.0 = Release|Durango
		{9E14D7B5-9D0E-4373-B076-33DD4BECDBA0}.Mixed|x64.ActiveCfg = Release|x64
		{9E14D7B5-9D0E-4373-B076-33DD4BECDBA0}.Mixed|x64.Build.0 = Release|x64
		{9E14D7B5-9D0E-4373-B076-33DD4BECDBA0}.Mixed|x86.ActiveCfg = Release|x64
		{9E14D7B5-9D0E-4373-B076-33DD4BECDBA0}.Mixed|x86.Build.0 = Release|x64
		{9E14D7B5-9D0E-4373-B076-33DD4BECDBA0}.Release|Any CPU.ActiveCfg = Release|x64
		{9E14D7B5-9D0E-4373-B076-33DD4BECDBA0}.Release|Durango.ActiveCfg = Release|Durango
		{9E14D7B5-9D0E-4373-B076-33DD4BECDBA0}.Release|Durango.Build.0 = Release|Durango
		{9E14D7B5-9D0E-4373-B076-33DD4BECDBA0}.Release|x64.ActiveCfg = Release|x64
		{9E14D7B5-9D0E-4373-B076-33DD4BECDBA0}.Release|x64.Build.0 = Release|x64
		{9E14D7B5-9D0E-4373-B076-33DD4BECDBA0}.Release|x86.ActiveCfg = Release|x64
		{76485157-3A23-47E9-8A5E-5B190F91511C}.Debug|Any CPU.ActiveCfg = Debug|x64
		{76485157-3A23-47E9-8A5E-5B190F91511C}.Debug|Durango.ActiveCfg = Debug|Durango
		{76485157-3A23-47E9-8A5E-5B190F91511C}.Debug|Durango.Build.0 = Debug|Durango
		{76485157-3A23-47E9-8A5E-5B190F91511C}.Debug|x64.ActiveCfg = Debug|x64
		{76485157-3A23-47E9-8A5E-5B190F91511C}.Debug|x64.Build.0 = Debug|x64
		{76485157-3A23-47E9-8A5E-5B190F91511C}.Debug|x86.ActiveCfg = Debug|x64
		{76485157-3A23-47E9-8A5E-5B190F91511C}.LiveEdit|Any CPU.ActiveCfg = Release|x64
		{76485157-3A23-47E9-8A5E-5B190F91511C}.LiveEdit|Any CPU.Build.0 = Release|x64
		{76485157-3A23-47E9-8A5E-5B190F91511C}.LiveEdit|Durango.ActiveCfg = Release|Durango
		{76485157-3A23-47E9-8A5E-5B190F91511C}.LiveEdit|Durango.Build.0 = Release|Durango
		{76485157-3A23-47E9-8A5E-5B190F91511C}.LiveEdit|x64.ActiveCfg = Release|x64
		{76485157-3A23-47E9-8A5E-5B190F91511C}.LiveEdit|x64.Build.0 = Release|x64
		{76485157-3A23-47E9-8A5E-5B190F91511C}.LiveEdit|x86.ActiveCfg = Release|x64
		{76485157-3A23-47E9-8A5E-5B190F91511C}.LiveEdit|x86.Build.0 = Release|x64
		{76485157-3A23-47E9-8A5E-5B190F91511C}.Mixed|Any CPU.ActiveCfg = Release|x64
		{76485157-3A23-47E9-8A5E-5B190F91511C}.Mixed|Any CPU.Build.0 = Release|x64
		{76485157-3A23-47E9-8A5E-5B190F91511C}.Mixed|Durango.ActiveCfg = Release|Durango
		{76485157-3A23-47E9-8A5E-5B190F91511C}.Mixed|Durango.Build.0 = Release|Durango
		{76485157-3A23-47E9-8A5E-5B190F91511C}.Mixed|x64.ActiveCfg = Release|x64
		{76485157-3A23-47E9-8A5E-5B190F91511C}.Mixed|x64.Build.0 = Release|x64
		{76485157-3A23-47E9-8A5E-5B190F91511C}.Mixed|x86.ActiveCfg = Release|x64
		{76485157-3A23-47E9-8A5E-5B190F91511C}.Mixed|x86.Build.0 = Release|x64
		{76485157-3A23-47E9-8A5E-5B190F91511C}.Release|Any CPU.ActiveCfg = Release|x64
		{76485157-3A23-47E9-8A5E-5B190F91511C}.Release|Durango.ActiveCfg = Release|Durango
		{76485157-3A23-47E9-8A5E-5B190F91511C}.Release|Durango.Build.0 = Release|Durango
		{76485157-3A23-47E9-8A5E-5B190F91511C}.Release|x64.ActiveCfg = Release|x64
		{76485157-3A23-47E9-8A5E-5B190F91511C}.Release|x64.Build.0 = Release|x64
		{76485157-3A23-47E9-8A5E-5B190F91511C}.Release|x86.ActiveCfg = Release|x64
		{2EC67BBC-CEBD-4B24-993B-1EEC4ABF439B}.Debug|Any CPU.ActiveCfg = Debug|Any CPU
		{2EC67BBC-CEBD-4B24-993B-1EEC4ABF439B}.Debug|Any CPU.Build.0 = Debug|Any CPU
		{2EC67BBC-CEBD-4B24-993B-1EEC4ABF439B}.Debug|Durango.ActiveCfg = Debug|Any CPU
		{2EC67BBC-CEBD-4B24-993B-1EEC4ABF439B}.Debug|Durango.Build.0 = Debug|Any CPU
		{2EC67BBC-CEBD-4B24-993B-1EEC4ABF439B}.Debug|x64.ActiveCfg = Debug|Any CPU
		{2EC67BBC-CEBD-4B24-993B-1EEC4ABF439B}.Debug|x64.Build.0 = Debug|Any CPU
		{2EC67BBC-CEBD-4B24-993B-1EEC4ABF439B}.Debug|x86.ActiveCfg = Debug|Any CPU
		{2EC67BBC-CEBD-4B24-993B-1EEC4ABF439B}.Debug|x86.Build.0 = Debug|Any CPU
		{2EC67BBC-CEBD-4B24-993B-1EEC4ABF439B}.LiveEdit|Any CPU.ActiveCfg = Release|Any CPU
		{2EC67BBC-CEBD-4B24-993B-1EEC4ABF439B}.LiveEdit|Any CPU.Build.0 = Release|Any CPU
		{2EC67BBC-CEBD-4B24-993B-1EEC4ABF439B}.LiveEdit|Durango.ActiveCfg = Release|Any CPU
		{2EC67BBC-CEBD-4B24-993B-1EEC4ABF439B}.LiveEdit|Durango.Build.0 = Release|Any CPU
		{2EC67BBC-CEBD-4B24-993B-1EEC4ABF439B}.LiveEdit|x64.ActiveCfg = Release|Any CPU
		{2EC67BBC-CEBD-4B24-993B-1EEC4ABF439B}.LiveEdit|x64.Build.0 = Release|Any CPU
		{2EC67BBC-CEBD-4B24-993B-1EEC4ABF439B}.LiveEdit|x86.ActiveCfg = Release|Any CPU
		{2EC67BBC-CEBD-4B24-993B-1EEC4ABF439B}.LiveEdit|x86.Build.0 = Release|Any CPU
		{2EC67BBC-CEBD-4B24-993B-1EEC4ABF439B}.Mixed|Any CPU.ActiveCfg = Release|Any CPU
		{2EC67BBC-CEBD-4B24-993B-1EEC4ABF439B}.Mixed|Any CPU.Build.0 = Release|Any CPU
		{2EC67BBC-CEBD-4B24-993B-1EEC4ABF439B}.Mixed|Durango.ActiveCfg = Release|Any CPU
		{2EC67BBC-CEBD-4B24-993B-1EEC4ABF439B}.Mixed|Durango.Build.0 = Release|Any CPU
		{2EC67BBC-CEBD-4B24-993B-1EEC4ABF439B}.Mixed|x64.ActiveCfg = Release|Any CPU
		{2EC67BBC-CEBD-4B24-993B-1EEC4ABF439B}.Mixed|x64.Build.0 = Release|Any CPU
		{2EC67BBC-CEBD-4B24-993B-1EEC4ABF439B}.Mixed|x86.ActiveCfg = Release|Any CPU
		{2EC67BBC-CEBD-4B24-993B-1EEC4ABF439B}.Mixed|x86.Build.0 = Release|Any CPU
		{2EC67BBC-CEBD-4B24-993B-1EEC4ABF439B}.Release|Any CPU.ActiveCfg = Release|Any CPU
		{2EC67BBC-CEBD-4B24-993B-1EEC4ABF439B}.Release|Any CPU.Build.0 = Release|Any CPU
		{2EC67BBC-CEBD-4B24-993B-1EEC4ABF439B}.Release|Durango.ActiveCfg = Release|Any CPU
		{2EC67BBC-CEBD-4B24-993B-1EEC4ABF439B}.Release|Durango.Build.0 = Release|Any CPU
		{2EC67BBC-CEBD-4B24-993B-1EEC4ABF439B}.Release|x64.ActiveCfg = Release|Any CPU
		{2EC67BBC-CEBD-4B24-993B-1EEC4ABF439B}.Release|x64.Build.0 = Release|Any CPU
		{2EC67BBC-CEBD-4B24-993B-1EEC4ABF439B}.Release|x86.ActiveCfg = Release|Any CPU
		{2EC67BBC-CEBD-4B24-993B-1EEC4ABF439B}.Release|x86.Build.0 = Release|Any CPU
		{77B2C98B-7F21-4595-9E67-47289E30BDBD}.Debug|Any CPU.ActiveCfg = Debug|x64
		{77B2C98B-7F21-4595-9E67-47289E30BDBD}.Debug|Durango.ActiveCfg = Debug|Durango
		{77B2C98B-7F21-4595-9E67-47289E30BDBD}.Debug|Durango.Build.0 = Debug|Durango
		{77B2C98B-7F21-4595-9E67-47289E30BDBD}.Debug|x64.ActiveCfg = Debug|x64
		{77B2C98B-7F21-4595-9E67-47289E30BDBD}.Debug|x64.Build.0 = Debug|x64
		{77B2C98B-7F21-4595-9E67-47289E30BDBD}.Debug|x86.ActiveCfg = Debug|x64
		{77B2C98B-7F21-4595-9E67-47289E30BDBD}.LiveEdit|Any CPU.ActiveCfg = Release|x64
		{77B2C98B-7F21-4595-9E67-47289E30BDBD}.LiveEdit|Any CPU.Build.0 = Release|x64
		{77B2C98B-7F21-4595-9E67-47289E30BDBD}.LiveEdit|Durango.ActiveCfg = Release|Durango
		{77B2C98B-7F21-4595-9E67-47289E30BDBD}.LiveEdit|Durango.Build.0 = Release|Durango
		{77B2C98B-7F21-4595-9E67-47289E30BDBD}.LiveEdit|x64.ActiveCfg = Release|x64
		{77B2C98B-7F21-4595-9E67-47289E30BDBD}.LiveEdit|x64.Build.0 = Release|x64
		{77B2C98B-7F21-4595-9E67-47289E30BDBD}.LiveEdit|x86.ActiveCfg = Release|x64
		{77B2C98B-7F21-4595-9E67-47289E30BDBD}.LiveEdit|x86.Build.0 = Release|x64
		{77B2C98B-7F21-4595-9E67-47289E30BDBD}.Mixed|Any CPU.ActiveCfg = Release|x64
		{77B2C98B-7F21-4595-9E67-47289E30BDBD}.Mixed|Any CPU.Build.0 = Release|x64
		{77B2C98B-7F21-4595-9E67-47289E30BDBD}.Mixed|Durango.ActiveCfg = Release|Durango
		{77B2C98B-7F21-4595-9E67-47289E30BDBD}.Mixed|Durango.Build.0 = Release|Durango
		{77B2C98B-7F21-4595-9E67-47289E30BDBD}.Mixed|x64.ActiveCfg = Release|x64
		{77B2C98B-7F21-4595-9E67-47289E30BDBD}.Mixed|x64.Build.0 = Release|x64
		{77B2C98B-7F21-4595-9E67-47289E30BDBD}.Mixed|x86.ActiveCfg = Release|x64
		{77B2C98B-7F21-4595-9E67-47289E30BDBD}.Mixed|x86.Build.0 = Release|x64
		{77B2C98B-7F21-4595-9E67-47289E30BDBD}.Release|Any CPU.ActiveCfg = Release|x64
		{77B2C98B-7F21-4595-9E67-47289E30BDBD}.Release|Durango.ActiveCfg = Release|Durango
		{77B2C98B-7F21-4595-9E67-47289E30BDBD}.Release|Durango.Build.0 = Release|Durango
		{77B2C98B-7F21-4595-9E67-47289E30BDBD}.Release|x64.ActiveCfg = Release|x64
		{77B2C98B-7F21-4595-9E67-47289E30BDBD}.Release|x64.Build.0 = Release|x64
		{77B2C98B-7F21-4595-9E67-47289E30BDBD}.Release|x86.ActiveCfg = Release|x64
		{ACE4DA6A-FD27-4006-94BA-E0132A51930E}.Debug|Any CPU.ActiveCfg = Debug|x64
		{ACE4DA6A-FD27-4006-94BA-E0132A51930E}.Debug|Durango.ActiveCfg = Debug|x64
		{ACE4DA6A-FD27-4006-94BA-E0132A51930E}.Debug|x64.ActiveCfg = Debug|x64
		{ACE4DA6A-FD27-4006-94BA-E0132A51930E}.Debug|x64.Build.0 = Debug|x64
		{ACE4DA6A-FD27-4006-94BA-E0132A51930E}.Debug|x86.ActiveCfg = Debug|x64
		{ACE4DA6A-FD27-4006-94BA-E0132A51930E}.LiveEdit|Any CPU.ActiveCfg = Release|x64
		{ACE4DA6A-FD27-4006-94BA-E0132A51930E}.LiveEdit|Any CPU.Build.0 = Release|x64
		{ACE4DA6A-FD27-4006-94BA-E0132A51930E}.LiveEdit|Durango.ActiveCfg = Release|x64
		{ACE4DA6A-FD27-4006-94BA-E0132A51930E}.LiveEdit|Durango.Build.0 = Release|x64
		{ACE4DA6A-FD27-4006-94BA-E0132A51930E}.LiveEdit|x64.ActiveCfg = Release|x64
		{ACE4DA6A-FD27-4006-94BA-E0132A51930E}.LiveEdit|x64.Build.0 = Release|x64
		{ACE4DA6A-FD27-4006-94BA-E0132A51930E}.LiveEdit|x86.ActiveCfg = Release|x64
		{ACE4DA6A-FD27-4006-94BA-E0132A51930E}.LiveEdit|x86.Build.0 = Release|x64
		{ACE4DA6A-FD27-4006-94BA-E0132A51930E}.Mixed|Any CPU.ActiveCfg = Release|x64
		{ACE4DA6A-FD27-4006-94BA-E0132A51930E}.Mixed|Any CPU.Build.0 = Release|x64
		{ACE4DA6A-FD27-4006-94BA-E0132A51930E}.Mixed|Durango.ActiveCfg = Release|x64
		{ACE4DA6A-FD27-4006-94BA-E0132A51930E}.Mixed|Durango.Build.0 = Release|x64
		{ACE4DA6A-FD27-4006-94BA-E0132A51930E}.Mixed|x64.ActiveCfg = Release|x64
		{ACE4DA6A-FD27-4006-94BA-E0132A51930E}.Mixed|x64.Build.0 = Release|x64
		{ACE4DA6A-FD27-4006-94BA-E0132A51930E}.Mixed|x86.ActiveCfg = Release|x64
		{ACE4DA6A-FD27-4006-94BA-E0132A51930E}.Mixed|x86.Build.0 = Release|x64
		{ACE4DA6A-FD27-4006-94BA-E0132A51930E}.Release|Any CPU.ActiveCfg = Release|x64
		{ACE4DA6A-FD27-4006-94BA-E0132A51930E}.Release|Durango.ActiveCfg = Release|x64
		{ACE4DA6A-FD27-4006-94BA-E0132A51930E}.Release|x64.ActiveCfg = Release|x64
		{ACE4DA6A-FD27-4006-94BA-E0132A51930E}.Release|x64.Build.0 = Release|x64
		{ACE4DA6A-FD27-4006-94BA-E0132A51930E}.Release|x86.ActiveCfg = Release|x64
		{09DC3343-46CA-4D55-BFE3-317C0FF02E52}.Debug|Any CPU.ActiveCfg = Debug|x64
		{09DC3343-46CA-4D55-BFE3-317C0FF02E52}.Debug|Durango.ActiveCfg = Debug|Durango
		{09DC3343-46CA-4D55-BFE3-317C0FF02E52}.Debug|Durango.Build.0 = Debug|Durango
		{09DC3343-46CA-4D55-BFE3-317C0FF02E52}.Debug|x64.ActiveCfg = Debug|x64
		{09DC3343-46CA-4D55-BFE3-317C0FF02E52}.Debug|x64.Build.0 = Debug|x64
		{09DC3343-46CA-4D55-BFE3-317C0FF02E52}.Debug|x86.ActiveCfg = Debug|x64
		{09DC3343-46CA-4D55-BFE3-317C0FF02E52}.LiveEdit|Any CPU.ActiveCfg = Release|x64
		{09DC3343-46CA-4D55-BFE3-317C0FF02E52}.LiveEdit|Any CPU.Build.0 = Release|x64
		{09DC3343-46CA-4D55-BFE3-317C0FF02E52}.LiveEdit|Durango.ActiveCfg = Release|Durango
		{09DC3343-46CA-4D55-BFE3-317C0FF02E52}.LiveEdit|Durango.Build.0 = Release|Durango
		{09DC3343-46CA-4D55-BFE3-317C0FF02E52}.LiveEdit|x64.ActiveCfg = Release|x64
		{09DC3343-46CA-4D55-BFE3-317C0FF02E52}.LiveEdit|x64.Build.0 = Release|x64
		{09DC3343-46CA-4D55-BFE3-317C0FF02E52}.LiveEdit|x86.ActiveCfg = Release|x64
		{09DC3343-46CA-4D55-BFE3-317C0FF02E52}.LiveEdit|x86.Build.0 = Release|x64
		{09DC3343-46CA-4D55-BFE3-317C0FF02E52}.Mixed|Any CPU.ActiveCfg = Release|x64
		{09DC3343-46CA-4D55-BFE3-317C0FF02E52}.Mixed|Any CPU.Build.0 = Release|x64
		{09DC3343-46CA-4D55-BFE3-317C0FF02E52}.Mixed|Durango.ActiveCfg = Release|Durango
		{09DC3343-46CA-4D55-BFE3-317C0FF02E52}.Mixed|Durango.Build.0 = Release|Durango
		{09DC3343-46CA-4D55-BFE3-317C0FF02E52}.Mixed|x64.ActiveCfg = Release|x64
		{09DC3343-46CA-4D55-BFE3-317C0FF02E52}.Mixed|x64.Build.0 = Release|x64
		{09DC3343-46CA-4D55-BFE3-317C0FF02E52}.Mixed|x86.ActiveCfg = Release|x64
		{09DC3343-46CA-4D55-BFE3-317C0FF02E52}.Mixed|x86.Build.0 = Release|x64
		{09DC3343-46CA-4D55-BFE3-317C0FF02E52}.Release|Any CPU.ActiveCfg = Release|x64
		{09DC3343-46CA-4D55-BFE3-317C0FF02E52}.Release|Durango.ActiveCfg = Release|Durango
		{09DC3343-46CA-4D55-BFE3-317C0FF02E52}.Release|Durango.Build.0 = Release|Durango
		{09DC3343-46CA-4D55-BFE3-317C0FF02E52}.Release|x64.ActiveCfg = Release|x64
		{09DC3343-46CA-4D55-BFE3-317C0FF02E52}.Release|x64.Build.0 = Release|x64
		{09DC3343-46CA-4D55-BFE3-317C0FF02E52}.Release|x86.ActiveCfg = Release|x64
		{DECF49BA-E334-47D5-8C0C-D6C3DC67A759}.Debug|Any CPU.ActiveCfg = Debug|x64
		{DECF49BA-E334-47D5-8C0C-D6C3DC67A759}.Debug|Durango.ActiveCfg = Debug|x64
		{DECF49BA-E334-47D5-8C0C-D6C3DC67A759}.Debug|x64.ActiveCfg = Debug|x64
		{DECF49BA-E334-47D5-8C0C-D6C3DC67A759}.Debug|x64.Build.0 = Debug|x64
		{DECF49BA-E334-47D5-8C0C-D6C3DC67A759}.Debug|x86.ActiveCfg = Debug|x64
		{DECF49BA-E334-47D5-8C0C-D6C3DC67A759}.LiveEdit|Any CPU.ActiveCfg = LiveEdit|x64
		{DECF49BA-E334-47D5-8C0C-D6C3DC67A759}.LiveEdit|Durango.ActiveCfg = LiveEdit|x64
		{DECF49BA-E334-47D5-8C0C-D6C3DC67A759}.LiveEdit|x64.ActiveCfg = LiveEdit|x64
		{DECF49BA-E334-47D5-8C0C-D6C3DC67A759}.LiveEdit|x64.Build.0 = LiveEdit|x64
		{DECF49BA-E334-47D5-8C0C-D6C3DC67A759}.LiveEdit|x86.ActiveCfg = LiveEdit|x64
		{DECF49BA-E334-47D5-8C0C-D6C3DC67A759}.Mixed|Any CPU.ActiveCfg = LiveEdit|x64
		{DECF49BA-E334-47D5-8C0C-D6C3DC67A759}.Mixed|Any CPU.Build.0 = LiveEdit|x64
		{DECF49BA-E334-47D5-8C0C-D6C3DC67A759}.Mixed|Durango.ActiveCfg = LiveEdit|x64
		{DECF49BA-E334-47D5-8C0C-D6C3DC67A759}.Mixed|Durango.Build.0 = LiveEdit|x64
		{DECF49BA-E334-47D5-8C0C-D6C3DC67A759}.Mixed|x64.ActiveCfg = LiveEdit|x64
		{DECF49BA-E334-47D5-8C0C-D6C3DC67A759}.Mixed|x64.Build.0 = LiveEdit|x64
		{DECF49BA-E334-47D5-8C0C-D6C3DC67A759}.Mixed|x86.ActiveCfg = LiveEdit|x64
		{DECF49BA-E334-47D5-8C0C-D6C3DC67A759}.Mixed|x86.Build.0 = LiveEdit|x64
		{DECF49BA-E334-47D5-8C0C-D6C3DC67A759}.Release|Any CPU.ActiveCfg = Release|x64
		{DECF49BA-E334-47D5-8C0C-D6C3DC67A759}.Release|Durango.ActiveCfg = Release|x64
		{DECF49BA-E334-47D5-8C0C-D6C3DC67A759}.Release|x64.ActiveCfg = Release|x64
		{DECF49BA-E334-47D5-8C0C-D6C3DC67A759}.Release|x64.Build.0 = Release|x64
		{DECF49BA-E334-47D5-8C0C-D6C3DC67A759}.Release|x86.ActiveCfg = Release|x64
		{C4DEFC31-A910-4339-99B3-6C410DC19AD0}.Debug|Any CPU.ActiveCfg = Debug|x64
		{C4DEFC31-A910-4339-99B3-6C410DC19AD0}.Debug|Durango.ActiveCfg = Debug|Durango
		{C4DEFC31-A910-4339-99B3-6C410DC19AD0}.Debug|Durango.Build.0 = Debug|Durango
		{C4DEFC31-A910-4339-99B3-6C410DC19AD0}.Debug|x64.ActiveCfg = Debug|x64
		{C4DEFC31-A910-4339-99B3-6C410DC19AD0}.Debug|x64.Build.0 = Debug|x64
		{C4DEFC31-A910-4339-99B3-6C410DC19AD0}.Debug|x86.ActiveCfg = Debug|x64
		{C4DEFC31-A910-4339-99B3-6C410DC19AD0}.LiveEdit|Any CPU.ActiveCfg = Release|x64
		{C4DEFC31-A910-4339-99B3-6C410DC19AD0}.LiveEdit|Any CPU.Build.0 = Release|x64
		{C4DEFC31-A910-4339-99B3-6C410DC19AD0}.LiveEdit|Durango.ActiveCfg = Release|Durango
		{C4DEFC31-A910-4339-99B3-6C410DC19AD0}.LiveEdit|Durango.Build.0 = Release|Durango
		{C4DEFC31-A910-4339-99B3-6C410DC19AD0}.LiveEdit|x64.ActiveCfg = Release|x64
		{C4DEFC31-A910-4339-99B3-6C410DC19AD0}.LiveEdit|x64.Build.0 = Release|x64
		{C4DEFC31-A910-4339-99B3-6C410DC19AD0}.LiveEdit|x86.ActiveCfg = Release|x64
		{C4DEFC31-A910-4339-99B3-6C410DC19AD0}.LiveEdit|x86.Build.0 = Release|x64
		{C4DEFC31-A910-4339-99B3-6C410DC19AD0}.Mixed|Any CPU.ActiveCfg = Release|x64
		{C4DEFC31-A910-4339-99B3-6C410DC19AD0}.Mixed|Any CPU.Build.0 = Release|x64
		{C4DEFC31-A910-4339-99B3-6C410DC19AD0}.Mixed|Durango.ActiveCfg = Release|Durango
		{C4DEFC31-A910-4339-99B3-6C410DC19AD0}.Mixed|Durango.Build.0 = Release|Durango
		{C4DEFC31-A910-4339-99B3-6C410DC19AD0}.Mixed|x64.ActiveCfg = Release|x64
		{C4DEFC31-A910-4339-99B3-6C410DC19AD0}.Mixed|x64.Build.0 = Release|x64
		{C4DEFC31-A910-4339-99B3-6C410DC19AD0}.Mixed|x86.ActiveCfg = Release|x64
		{C4DEFC31-A910-4339-99B3-6C410DC19AD0}.Mixed|x86.Build.0 = Release|x64
		{C4DEFC31-A910-4339-99B3-6C410DC19AD0}.Release|Any CPU.ActiveCfg = Release|x64
		{C4DEFC31-A910-4339-99B3-6C410DC19AD0}.Release|Durango.ActiveCfg = Release|Durango
		{C4DEFC31-A910-4339-99B3-6C410DC19AD0}.Release|Durango.Build.0 = Release|Durango
		{C4DEFC31-A910-4339-99B3-6C410DC19AD0}.Release|x64.ActiveCfg = Release|x64
		{C4DEFC31-A910-4339-99B3-6C410DC19AD0}.Release|x64.Build.0 = Release|x64
		{C4DEFC31-A910-4339-99B3-6C410DC19AD0}.Release|x86.ActiveCfg = Release|x64
		{42986579-D91D-4523-AE54-0BFFEB0748C2}.Debug|Any CPU.ActiveCfg = Debug|x64
		{42986579-D91D-4523-AE54-0BFFEB0748C2}.Debug|Durango.ActiveCfg = Debug|Durango
		{42986579-D91D-4523-AE54-0BFFEB0748C2}.Debug|Durango.Build.0 = Debug|Durango
		{42986579-D91D-4523-AE54-0BFFEB0748C2}.Debug|x64.ActiveCfg = Debug|x64
		{42986579-D91D-4523-AE54-0BFFEB0748C2}.Debug|x64.Build.0 = Debug|x64
		{42986579-D91D-4523-AE54-0BFFEB0748C2}.Debug|x86.ActiveCfg = Debug|x64
		{42986579-D91D-4523-AE54-0BFFEB0748C2}.LiveEdit|Any CPU.ActiveCfg = Release|x64
		{42986579-D91D-4523-AE54-0BFFEB0748C2}.LiveEdit|Any CPU.Build.0 = Release|x64
		{42986579-D91D-4523-AE54-0BFFEB0748C2}.LiveEdit|Durango.ActiveCfg = Release|Durango
		{42986579-D91D-4523-AE54-0BFFEB0748C2}.LiveEdit|Durango.Build.0 = Release|Durango
		{42986579-D91D-4523-AE54-0BFFEB0748C2}.LiveEdit|x64.ActiveCfg = Release|x64
		{42986579-D91D-4523-AE54-0BFFEB0748C2}.LiveEdit|x64.Build.0 = Release|x64
		{42986579-D91D-4523-AE54-0BFFEB0748C2}.LiveEdit|x86.ActiveCfg = Release|x64
		{42986579-D91D-4523-AE54-0BFFEB0748C2}.LiveEdit|x86.Build.0 = Release|x64
		{42986579-D91D-4523-AE54-0BFFEB0748C2}.Mixed|Any CPU.ActiveCfg = Release|x64
		{42986579-D91D-4523-AE54-0BFFEB0748C2}.Mixed|Any CPU.Build.0 = Release|x64
		{42986579-D91D-4523-AE54-0BFFEB0748C2}.Mixed|Durango.ActiveCfg = Release|Durango
		{42986579-D91D-4523-AE54-0BFFEB0748C2}.Mixed|Durango.Build.0 = Release|Durango
		{42986579-D91D-4523-AE54-0BFFEB0748C2}.Mixed|x64.ActiveCfg = Release|x64
		{42986579-D91D-4523-AE54-0BFFEB0748C2}.Mixed|x64.Build.0 = Release|x64
		{42986579-D91D-4523-AE54-0BFFEB0748C2}.Mixed|x86.ActiveCfg = Release|x64
		{42986579-D91D-4523-AE54-0BFFEB0748C2}.Mixed|x86.Build.0 = Release|x64
		{42986579-D91D-4523-AE54-0BFFEB0748C2}.Release|Any CPU.ActiveCfg = Release|x64
		{42986579-D91D-4523-AE54-0BFFEB0748C2}.Release|Durango.ActiveCfg = Release|Durango
		{42986579-D91D-4523-AE54-0BFFEB0748C2}.Release|Durango.Build.0 = Release|Durango
		{42986579-D91D-4523-AE54-0BFFEB0748C2}.Release|x64.ActiveCfg = Release|x64
		{42986579-D91D-4523-AE54-0BFFEB0748C2}.Release|x64.Build.0 = Release|x64
		{42986579-D91D-4523-AE54-0BFFEB0748C2}.Release|x86.ActiveCfg = Release|x64
		{D5AB4347-A96F-478D-9B44-9E3CBBDFCBDB}.Debug|Any CPU.ActiveCfg = Debug|x64
		{D5AB4347-A96F-478D-9B44-9E3CBBDFCBDB}.Debug|Durango.ActiveCfg = Debug|Durango
		{D5AB4347-A96F-478D-9B44-9E3CBBDFCBDB}.Debug|Durango.Build.0 = Debug|Durango
		{D5AB4347-A96F-478D-9B44-9E3CBBDFCBDB}.Debug|x64.ActiveCfg = Debug|x64
		{D5AB4347-A96F-478D-9B44-9E3CBBDFCBDB}.Debug|x64.Build.0 = Debug|x64
		{D5AB4347-A96F-478D-9B44-9E3CBBDFCBDB}.Debug|x86.ActiveCfg = Debug|x64
		{D5AB4347-A96F-478D-9B44-9E3CBBDFCBDB}.LiveEdit|Any CPU.ActiveCfg = Release|x64
		{D5AB4347-A96F-478D-9B44-9E3CBBDFCBDB}.LiveEdit|Any CPU.Build.0 = Release|x64
		{D5AB4347-A96F-478D-9B44-9E3CBBDFCBDB}.LiveEdit|Durango.ActiveCfg = Release|Durango
		{D5AB4347-A96F-478D-9B44-9E3CBBDFCBDB}.LiveEdit|Durango.Build.0 = Release|Durango
		{D5AB4347-A96F-478D-9B44-9E3CBBDFCBDB}.LiveEdit|x64.ActiveCfg = Release|x64
		{D5AB4347-A96F-478D-9B44-9E3CBBDFCBDB}.LiveEdit|x64.Build.0 = Release|x64
		{D5AB4347-A96F-478D-9B44-9E3CBBDFCBDB}.LiveEdit|x86.ActiveCfg = Release|x64
		{D5AB4347-A96F-478D-9B44-9E3CBBDFCBDB}.LiveEdit|x86.Build.0 = Release|x64
		{D5AB4347-A96F-478D-9B44-9E3CBBDFCBDB}.Mixed|Any CPU.ActiveCfg = Release|x64
		{D5AB4347-A96F-478D-9B44-9E3CBBDFCBDB}.Mixed|Any CPU.Build.0 = Release|x64
		{D5AB4347-A96F-478D-9B44-9E3CBBDFCBDB}.Mixed|Durango.ActiveCfg = Release|Durango
		{D5AB4347-A96F-478D-9B44-9E3CBBDFCBDB}.Mixed|Durango.Build.0 = Release|Durango
		{D5AB4347-A96F-478D-9B44-9E3CBBDFCBDB}.Mixed|x64.ActiveCfg = Release|x64
		{D5AB4347-A96F-478D-9B44-9E3CBBDFCBDB}.Mixed|x64.Build.0 = Release|x64
		{D5AB4347-A96F-478D-9B44-9E3CBBDFCBDB}.Mixed|x86.ActiveCfg = Release|x64
		{D5AB4347-A96F-478D-9B44-9E3CBBDFCBDB}.Mixed|x86.Build.0 = Release|x64
		{D5AB4347-A96F-478D-9B44-9E3CBBDFCBDB}.Release|Any CPU.ActiveCfg = Release|x64
		{D5AB4347-A96F-478D-9B44-9E3CBBDFCBDB}.Release|Durango.ActiveCfg = Release|Durango
		{D5AB4347-A96F-478D-9B44-9E3CBBDFCBDB}.Release|Durango.Build.0 = Release|Durango
		{D5AB4347-A96F-478D-9B44-9E3CBBDFCBDB}.Release|x64.ActiveCfg = Release|x64
		{D5AB4347-A96F-478D-9B44-9E3CBBDFCBDB}.Release|x64.Build.0 = Release|x64
		{D5AB4347-A96F-478D-9B44-9E3CBBDFCBDB}.Release|x86.ActiveCfg = Release|x64
		{AC9B12ED-A2D7-4337-A981-5BD8430E96D8}.Debug|Any CPU.ActiveCfg = Debug|x64
		{AC9B12ED-A2D7-4337-A981-5BD8430E96D8}.Debug|Durango.ActiveCfg = Debug|Durango
		{AC9B12ED-A2D7-4337-A981-5BD8430E96D8}.Debug|Durango.Build.0 = Debug|Durango
		{AC9B12ED-A2D7-4337-A981-5BD8430E96D8}.Debug|x64.ActiveCfg = Debug|x64
		{AC9B12ED-A2D7-4337-A981-5BD8430E96D8}.Debug|x64.Build.0 = Debug|x64
		{AC9B12ED-A2D7-4337-A981-5BD8430E96D8}.Debug|x86.ActiveCfg = Debug|x64
		{AC9B12ED-A2D7-4337-A981-5BD8430E96D8}.LiveEdit|Any CPU.ActiveCfg = Release|x64
		{AC9B12ED-A2D7-4337-A981-5BD8430E96D8}.LiveEdit|Any CPU.Build.0 = Release|x64
		{AC9B12ED-A2D7-4337-A981-5BD8430E96D8}.LiveEdit|Durango.ActiveCfg = Release|Durango
		{AC9B12ED-A2D7-4337-A981-5BD8430E96D8}.LiveEdit|Durango.Build.0 = Release|Durango
		{AC9B12ED-A2D7-4337-A981-5BD8430E96D8}.LiveEdit|x64.ActiveCfg = Release|x64
		{AC9B12ED-A2D7-4337-A981-5BD8430E96D8}.LiveEdit|x64.Build.0 = Release|x64
		{AC9B12ED-A2D7-4337-A981-5BD8430E96D8}.LiveEdit|x86.ActiveCfg = Release|x64
		{AC9B12ED-A2D7-4337-A981-5BD8430E96D8}.LiveEdit|x86.Build.0 = Release|x64
		{AC9B12ED-A2D7-4337-A981-5BD8430E96D8}.Mixed|Any CPU.ActiveCfg = Release|x64
		{AC9B12ED-A2D7-4337-A981-5BD8430E96D8}.Mixed|Any CPU.Build.0 = Release|x64
		{AC9B12ED-A2D7-4337-A981-5BD8430E96D8}.Mixed|Durango.ActiveCfg = Release|Durango
		{AC9B12ED-A2D7-4337-A981-5BD8430E96D8}.Mixed|Durango.Build.0 = Release|Durango
		{AC9B12ED-A2D7-4337-A981-5BD8430E96D8}.Mixed|x64.ActiveCfg = Release|x64
		{AC9B12ED-A2D7-4337-A981-5BD8430E96D8}.Mixed|x64.Build.0 = Release|x64
		{AC9B12ED-A2D7-4337-A981-5BD8430E96D8}.Mixed|x86.ActiveCfg = Release|x64
		{AC9B12ED-A2D7-4337-A981-5BD8430E96D8}.Mixed|x86.Build.0 = Release|x64
		{AC9B12ED-A2D7-4337-A981-5BD8430E96D8}.Release|Any CPU.ActiveCfg = Release|x64
		{AC9B12ED-A2D7-4337-A981-5BD8430E96D8}.Release|Durango.ActiveCfg = Release|Durango
		{AC9B12ED-A2D7-4337-A981-5BD8430E96D8}.Release|Durango.Build.0 = Release|Durango
		{AC9B12ED-A2D7-4337-A981-5BD8430E96D8}.Release|x64.ActiveCfg = Release|x64
		{AC9B12ED-A2D7-4337-A981-5BD8430E96D8}.Release|x64.Build.0 = Release|x64
		{AC9B12ED-A2D7-4337-A981-5BD8430E96D8}.Release|x86.ActiveCfg = Release|x64
		{9FB10D09-B11C-4D5C-AC31-F871781EF6EB}.Debug|Any CPU.ActiveCfg = Debug|x64
		{9FB10D09-B11C-4D5C-AC31-F871781EF6EB}.Debug|Durango.ActiveCfg = Debug|x64
		{9FB10D09-B11C-4D5C-AC31-F871781EF6EB}.Debug|x64.ActiveCfg = Debug|x64
		{9FB10D09-B11C-4D5C-AC31-F871781EF6EB}.Debug|x64.Build.0 = Debug|x64
		{9FB10D09-B11C-4D5C-AC31-F871781EF6EB}.Debug|x86.ActiveCfg = Debug|x64
		{9FB10D09-B11C-4D5C-AC31-F871781EF6EB}.LiveEdit|Any CPU.ActiveCfg = Release|x64
		{9FB10D09-B11C-4D5C-AC31-F871781EF6EB}.LiveEdit|Any CPU.Build.0 = Release|x64
		{9FB10D09-B11C-4D5C-AC31-F871781EF6EB}.LiveEdit|Durango.ActiveCfg = Release|x64
		{9FB10D09-B11C-4D5C-AC31-F871781EF6EB}.LiveEdit|Durango.Build.0 = Release|x64
		{9FB10D09-B11C-4D5C-AC31-F871781EF6EB}.LiveEdit|x64.ActiveCfg = Release|x64
		{9FB10D09-B11C-4D5C-AC31-F871781EF6EB}.LiveEdit|x64.Build.0 = Release|x64
		{9FB10D09-B11C-4D5C-AC31-F871781EF6EB}.LiveEdit|x86.ActiveCfg = Release|x64
		{9FB10D09-B11C-4D5C-AC31-F871781EF6EB}.LiveEdit|x86.Build.0 = Release|x64
		{9FB10D09-B11C-4D5C-AC31-F871781EF6EB}.Mixed|Any CPU.ActiveCfg = Release|x64
		{9FB10D09-B11C-4D5C-AC31-F871781EF6EB}.Mixed|Any CPU.Build.0 = Release|x64
		{9FB10D09-B11C-4D5C-AC31-F871781EF6EB}.Mixed|Durango.ActiveCfg = Release|x64
		{9FB10D09-B11C-4D5C-AC31-F871781EF6EB}.Mixed|Durango.Build.0 = Release|x64
		{9FB10D09-B11C-4D5C-AC31-F871781EF6EB}.Mixed|x64.ActiveCfg = Release|x64
		{9FB10D09-B11C-4D5C-AC31-F871781EF6EB}.Mixed|x64.Build.0 = Release|x64
		{9FB10D09-B11C-4D5C-AC31-F871781EF6EB}.Mixed|x86.ActiveCfg = Release|x64
		{9FB10D09-B11C-4D5C-AC31-F871781EF6EB}.Mixed|x86.Build.0 = Release|x64
		{9FB10D09-B11C-4D5C-AC31-F871781EF6EB}.Release|Any CPU.ActiveCfg = Release|x64
		{9FB10D09-B11C-4D5C-AC31-F871781EF6EB}.Release|Durango.ActiveCfg = Release|x64
		{9FB10D09-B11C-4D5C-AC31-F871781EF6EB}.Release|x64.ActiveCfg = Release|x64
		{9FB10D09-B11C-4D5C-AC31-F871781EF6EB}.Release|x64.Build.0 = Release|x64
		{9FB10D09-B11C-4D5C-AC31-F871781EF6EB}.Release|x86.ActiveCfg = Release|x64
		{58818F0E-2DA2-48E4-9BB8-4D7629426F25}.Debug|Any CPU.ActiveCfg = Debug|Win32
		{58818F0E-2DA2-48E4-9BB8-4D7629426F25}.Debug|Durango.ActiveCfg = Debug|Durango
		{58818F0E-2DA2-48E4-9BB8-4D7629426F25}.Debug|Durango.Build.0 = Debug|Durango
		{58818F0E-2DA2-48E4-9BB8-4D7629426F25}.Debug|x64.ActiveCfg = Debug|x64
		{58818F0E-2DA2-48E4-9BB8-4D7629426F25}.Debug|x64.Build.0 = Debug|x64
		{58818F0E-2DA2-48E4-9BB8-4D7629426F25}.Debug|x86.ActiveCfg = Debug|Win32
		{58818F0E-2DA2-48E4-9BB8-4D7629426F25}.Debug|x86.Build.0 = Debug|Win32
		{58818F0E-2DA2-48E4-9BB8-4D7629426F25}.LiveEdit|Any CPU.ActiveCfg = Release|x64
		{58818F0E-2DA2-48E4-9BB8-4D7629426F25}.LiveEdit|Any CPU.Build.0 = Release|x64
		{58818F0E-2DA2-48E4-9BB8-4D7629426F25}.LiveEdit|Durango.ActiveCfg = Release|Durango
		{58818F0E-2DA2-48E4-9BB8-4D7629426F25}.LiveEdit|Durango.Build.0 = Release|Durango
		{58818F0E-2DA2-48E4-9BB8-4D7629426F25}.LiveEdit|x64.ActiveCfg = Release|x64
		{58818F0E-2DA2-48E4-9BB8-4D7629426F25}.LiveEdit|x64.Build.0 = Release|x64
		{58818F0E-2DA2-48E4-9BB8-4D7629426F25}.LiveEdit|x86.ActiveCfg = Release|Win32
		{58818F0E-2DA2-48E4-9BB8-4D7629426F25}.LiveEdit|x86.Build.0 = Release|Win32
		{58818F0E-2DA2-48E4-9BB8-4D7629426F25}.Mixed|Any CPU.ActiveCfg = Release|x64
		{58818F0E-2DA2-48E4-9BB8-4D7629426F25}.Mixed|Any CPU.Build.0 = Release|x64
		{58818F0E-2DA2-48E4-9BB8-4D7629426F25}.Mixed|Durango.ActiveCfg = Release|Durango
		{58818F0E-2DA2-48E4-9BB8-4D7629426F25}.Mixed|Durango.Build.0 = Release|Durango
		{58818F0E-2DA2-48E4-9BB8-4D7629426F25}.Mixed|x64.ActiveCfg = Release|x64
		{58818F0E-2DA2-48E4-9BB8-4D7629426F25}.Mixed|x64.Build.0 = Release|x64
		{58818F0E-2DA2-48E4-9BB8-4D7629426F25}.Mixed|x86.ActiveCfg = Release|Win32
		{58818F0E-2DA2-48E4-9BB8-4D7629426F25}.Mixed|x86.Build.0 = Release|Win32
		{58818F0E-2DA2-48E4-9BB8-4D7629426F25}.Release|Any CPU.ActiveCfg = Release|Win32
		{58818F0E-2DA2-48E4-9BB8-4D7629426F25}.Release|Durango.ActiveCfg = Release|Durango
		{58818F0E-2DA2-48E4-9BB8-4D7629426F25}.Release|Durango.Build.0 = Release|Durango
		{58818F0E-2DA2-48E4-9BB8-4D7629426F25}.Release|x64.ActiveCfg = Release|x64
		{58818F0E-2DA2-48E4-9BB8-4D7629426F25}.Release|x64.Build.0 = Release|x64
		{58818F0E-2DA2-48E4-9BB8-4D7629426F25}.Release|x86.ActiveCfg = Release|Win32
		{58818F0E-2DA2-48E4-9BB8-4D7629426F25}.Release|x86.Build.0 = Release|Win32
		{471C6E53-3038-4AB2-B913-6DE27C79DD16}.Debug|Any CPU.ActiveCfg = Debug|x64
		{471C6E53-3038-4AB2-B913-6DE27C79DD16}.Debug|Durango.ActiveCfg = Debug|x64
		{471C6E53-3038-4AB2-B913-6DE27C79DD16}.Debug|x64.ActiveCfg = Debug|x64
		{471C6E53-3038-4AB2-B913-6DE27C79DD16}.Debug|x64.Build.0 = Debug|x64
		{471C6E53-3038-4AB2-B913-6DE27C79DD16}.Debug|x86.ActiveCfg = Debug|x64
		{471C6E53-3038-4AB2-B913-6DE27C79DD16}.LiveEdit|Any CPU.ActiveCfg = LiveEdit|x64
		{471C6E53-3038-4AB2-B913-6DE27C79DD16}.LiveEdit|Durango.ActiveCfg = LiveEdit|x64
		{471C6E53-3038-4AB2-B913-6DE27C79DD16}.LiveEdit|x64.ActiveCfg = LiveEdit|x64
		{471C6E53-3038-4AB2-B913-6DE27C79DD16}.LiveEdit|x64.Build.0 = LiveEdit|x64
		{471C6E53-3038-4AB2-B913-6DE27C79DD16}.LiveEdit|x86.ActiveCfg = LiveEdit|x64
		{471C6E53-3038-4AB2-B913-6DE27C79DD16}.Mixed|Any CPU.ActiveCfg = LiveEdit|x64
		{471C6E53-3038-4AB2-B913-6DE27C79DD16}.Mixed|Any CPU.Build.0 = LiveEdit|x64
		{471C6E53-3038-4AB2-B913-6DE27C79DD16}.Mixed|Durango.ActiveCfg = LiveEdit|x64
		{471C6E53-3038-4AB2-B913-6DE27C79DD16}.Mixed|Durango.Build.0 = LiveEdit|x64
		{471C6E53-3038-4AB2-B913-6DE27C79DD16}.Mixed|x64.ActiveCfg = LiveEdit|x64
		{471C6E53-3038-4AB2-B913-6DE27C79DD16}.Mixed|x64.Build.0 = LiveEdit|x64
		{471C6E53-3038-4AB2-B913-6DE27C79DD16}.Mixed|x86.ActiveCfg = LiveEdit|x64
		{471C6E53-3038-4AB2-B913-6DE27C79DD16}.Mixed|x86.Build.0 = LiveEdit|x64
		{471C6E53-3038-4AB2-B913-6DE27C79DD16}.Release|Any CPU.ActiveCfg = Release|x64
		{471C6E53-3038-4AB2-B913-6DE27C79DD16}.Release|Durango.ActiveCfg = Release|x64
		{471C6E53-3038-4AB2-B913-6DE27C79DD16}.Release|x64.ActiveCfg = Release|x64
		{471C6E53-3038-4AB2-B913-6DE27C79DD16}.Release|x64.Build.0 = Release|x64
		{471C6E53-3038-4AB2-B913-6DE27C79DD16}.Release|x86.ActiveCfg = Release|x64
		{1BF75FEB-87DD-486C-880B-227987D191C2}.Debug|Any CPU.ActiveCfg = Debug|x64
		{1BF75FEB-87DD-486C-880B-227987D191C2}.Debug|Durango.ActiveCfg = Debug|Durango
		{1BF75FEB-87DD-486C-880B-227987D191C2}.Debug|Durango.Build.0 = Debug|Durango
		{1BF75FEB-87DD-486C-880B-227987D191C2}.Debug|x64.ActiveCfg = Debug|x64
		{1BF75FEB-87DD-486C-880B-227987D191C2}.Debug|x64.Build.0 = Debug|x64
		{1BF75FEB-87DD-486C-880B-227987D191C2}.Debug|x86.ActiveCfg = Debug|x64
		{1BF75FEB-87DD-486C-880B-227987D191C2}.LiveEdit|Any CPU.ActiveCfg = Release|x64
		{1BF75FEB-87DD-486C-880B-227987D191C2}.LiveEdit|Any CPU.Build.0 = Release|x64
		{1BF75FEB-87DD-486C-880B-227987D191C2}.LiveEdit|Durango.ActiveCfg = Release|Durango
		{1BF75FEB-87DD-486C-880B-227987D191C2}.LiveEdit|Durango.Build.0 = Release|Durango
		{1BF75FEB-87DD-486C-880B-227987D191C2}.LiveEdit|x64.ActiveCfg = Release|x64
		{1BF75FEB-87DD-486C-880B-227987D191C2}.LiveEdit|x64.Build.0 = Release|x64
		{1BF75FEB-87DD-486C-880B-227987D191C2}.LiveEdit|x86.ActiveCfg = Release|x64
		{1BF75FEB-87DD-486C-880B-227987D191C2}.LiveEdit|x86.Build.0 = Release|x64
		{1BF75FEB-87DD-486C-880B-227987D191C2}.Mixed|Any CPU.ActiveCfg = Release|x64
		{1BF75FEB-87DD-486C-880B-227987D191C2}.Mixed|Any CPU.Build.0 = Release|x64
		{1BF75FEB-87DD-486C-880B-227987D191C2}.Mixed|Durango.ActiveCfg = Release|Durango
		{1BF75FEB-87DD-486C-880B-227987D191C2}.Mixed|Durango.Build.0 = Release|Durango
		{1BF75FEB-87DD-486C-880B-227987D191C2}.Mixed|x64.ActiveCfg = Release|x64
		{1BF75FEB-87DD-486C-880B-227987D191C2}.Mixed|x64.Build.0 = Release|x64
		{1BF75FEB-87DD-486C-880B-227987D191C2}.Mixed|x86.ActiveCfg = Release|x64
		{1BF75FEB-87DD-486C-880B-227987D191C2}.Mixed|x86.Build.0 = Release|x64
		{1BF75FEB-87DD-486C-880B-227987D191C2}.Release|Any CPU.ActiveCfg = Release|x64
		{1BF75FEB-87DD-486C-880B-227987D191C2}.Release|Durango.ActiveCfg = Release|Durango
		{1BF75FEB-87DD-486C-880B-227987D191C2}.Release|Durango.Build.0 = Release|Durango
		{1BF75FEB-87DD-486C-880B-227987D191C2}.Release|x64.ActiveCfg = Release|x64
		{1BF75FEB-87DD-486C-880B-227987D191C2}.Release|x64.Build.0 = Release|x64
		{1BF75FEB-87DD-486C-880B-227987D191C2}.Release|x86.ActiveCfg = Release|x64
		{AE0574E2-BE4C-49B0-98A6-739176D69277}.Debug|Any CPU.ActiveCfg = Debug|x64
		{AE0574E2-BE4C-49B0-98A6-739176D69277}.Debug|Durango.ActiveCfg = Debug|Durango
		{AE0574E2-BE4C-49B0-98A6-739176D69277}.Debug|Durango.Build.0 = Debug|Durango
		{AE0574E2-BE4C-49B0-98A6-739176D69277}.Debug|x64.ActiveCfg = Debug|x64
		{AE0574E2-BE4C-49B0-98A6-739176D69277}.Debug|x64.Build.0 = Debug|x64
		{AE0574E2-BE4C-49B0-98A6-739176D69277}.Debug|x86.ActiveCfg = Debug|x64
		{AE0574E2-BE4C-49B0-98A6-739176D69277}.LiveEdit|Any CPU.ActiveCfg = Release|x64
		{AE0574E2-BE4C-49B0-98A6-739176D69277}.LiveEdit|Any CPU.Build.0 = Release|x64
		{AE0574E2-BE4C-49B0-98A6-739176D69277}.LiveEdit|Durango.ActiveCfg = Release|Durango
		{AE0574E2-BE4C-49B0-98A6-739176D69277}.LiveEdit|Durango.Build.0 = Release|Durango
		{AE0574E2-BE4C-49B0-98A6-739176D69277}.LiveEdit|x64.ActiveCfg = Release|x64
		{AE0574E2-BE4C-49B0-98A6-739176D69277}.LiveEdit|x64.Build.0 = Release|x64
		{AE0574E2-BE4C-49B0-98A6-739176D69277}.LiveEdit|x86.ActiveCfg = Release|x64
		{AE0574E2-BE4C-49B0-98A6-739176D69277}.LiveEdit|x86.Build.0 = Release|x64
		{AE0574E2-BE4C-49B0-98A6-739176D69277}.Mixed|Any CPU.ActiveCfg = Release|x64
		{AE0574E2-BE4C-49B0-98A6-739176D69277}.Mixed|Any CPU.Build.0 = Release|x64
		{AE0574E2-BE4C-49B0-98A6-739176D69277}.Mixed|Durango.ActiveCfg = Release|Durango
		{AE0574E2-BE4C-49B0-98A6-739176D69277}.Mixed|Durango.Build.0 = Release|Durango
		{AE0574E2-BE4C-49B0-98A6-739176D69277}.Mixed|x64.ActiveCfg = Release|x64
		{AE0574E2-BE4C-49B0-98A6-739176D69277}.Mixed|x64.Build.0 = Release|x64
		{AE0574E2-BE4C-49B0-98A6-739176D69277}.Mixed|x86.ActiveCfg = Release|x64
		{AE0574E2-BE4C-49B0-98A6-739176D69277}.Mixed|x86.Build.0 = Release|x64
		{AE0574E2-BE4C-49B0-98A6-739176D69277}.Release|Any CPU.ActiveCfg = Release|x64
		{AE0574E2-BE4C-49B0-98A6-739176D69277}.Release|Durango.ActiveCfg = Release|Durango
		{AE0574E2-BE4C-49B0-98A6-739176D69277}.Release|Durango.Build.0 = Release|Durango
		{AE0574E2-BE4C-49B0-98A6-739176D69277}.Release|x64.ActiveCfg = Release|x64
		{AE0574E2-BE4C-49B0-98A6-739176D69277}.Release|x64.Build.0 = Release|x64
		{AE0574E2-BE4C-49B0-98A6-739176D69277}.Release|x86.ActiveCfg = Release|x64
		{15CBFEFF-7965-41F5-B4E2-21E8795C9159}.Debug|Any CPU.ActiveCfg = Debug|x64
		{15CBFEFF-7965-41F5-B4E2-21E8795C9159}.Debug|Durango.ActiveCfg = Debug|x64
		{15CBFEFF-7965-41F5-B4E2-21E8795C9159}.Debug|x64.ActiveCfg = Debug|x64
		{15CBFEFF-7965-41F5-B4E2-21E8795C9159}.Debug|x64.Build.0 = Debug|x64
		{15CBFEFF-7965-41F5-B4E2-21E8795C9159}.Debug|x86.ActiveCfg = Debug|x64
		{15CBFEFF-7965-41F5-B4E2-21E8795C9159}.LiveEdit|Any CPU.ActiveCfg = LiveEdit|x64
		{15CBFEFF-7965-41F5-B4E2-21E8795C9159}.LiveEdit|Durango.ActiveCfg = LiveEdit|x64
		{15CBFEFF-7965-41F5-B4E2-21E8795C9159}.LiveEdit|x64.ActiveCfg = LiveEdit|x64
		{15CBFEFF-7965-41F5-B4E2-21E8795C9159}.LiveEdit|x64.Build.0 = LiveEdit|x64
		{15CBFEFF-7965-41F5-B4E2-21E8795C9159}.LiveEdit|x86.ActiveCfg = LiveEdit|x64
		{15CBFEFF-7965-41F5-B4E2-21E8795C9159}.Mixed|Any CPU.ActiveCfg = LiveEdit|x64
		{15CBFEFF-7965-41F5-B4E2-21E8795C9159}.Mixed|Any CPU.Build.0 = LiveEdit|x64
		{15CBFEFF-7965-41F5-B4E2-21E8795C9159}.Mixed|Durango.ActiveCfg = LiveEdit|x64
		{15CBFEFF-7965-41F5-B4E2-21E8795C9159}.Mixed|Durango.Build.0 = LiveEdit|x64
		{15CBFEFF-7965-41F5-B4E2-21E8795C9159}.Mixed|x64.ActiveCfg = LiveEdit|x64
		{15CBFEFF-7965-41F5-B4E2-21E8795C9159}.Mixed|x64.Build.0 = LiveEdit|x64
		{15CBFEFF-7965-41F5-B4E2-21E8795C9159}.Mixed|x86.ActiveCfg = LiveEdit|x64
		{15CBFEFF-7965-41F5-B4E2-21E8795C9159}.Mixed|x86.Build.0 = LiveEdit|x64
		{15CBFEFF-7965-41F5-B4E2-21E8795C9159}.Release|Any CPU.ActiveCfg = Release|x64
		{15CBFEFF-7965-41F5-B4E2-21E8795C9159}.Release|Durango.ActiveCfg = Release|x64
		{15CBFEFF-7965-41F5-B4E2-21E8795C9159}.Release|x64.ActiveCfg = Release|x64
		{15CBFEFF-7965-41F5-B4E2-21E8795C9159}.Release|x64.Build.0 = Release|x64
		{15CBFEFF-7965-41F5-B4E2-21E8795C9159}.Release|x86.ActiveCfg = Release|x64
		{3E53F102-980E-43D2-A181-0EE92A6BAD54}.Debug|Any CPU.ActiveCfg = Debug|x64
		{3E53F102-980E-43D2-A181-0EE92A6BAD54}.Debug|Durango.ActiveCfg = Debug|x64
		{3E53F102-980E-43D2-A181-0EE92A6BAD54}.Debug|x64.ActiveCfg = Debug|x64
		{3E53F102-980E-43D2-A181-0EE92A6BAD54}.Debug|x64.Build.0 = Debug|x64
		{3E53F102-980E-43D2-A181-0EE92A6BAD54}.Debug|x86.ActiveCfg = Debug|x64
		{3E53F102-980E-43D2-A181-0EE92A6BAD54}.LiveEdit|Any CPU.ActiveCfg = LiveEdit|x64
		{3E53F102-980E-43D2-A181-0EE92A6BAD54}.LiveEdit|Durango.ActiveCfg = LiveEdit|x64
		{3E53F102-980E-43D2-A181-0EE92A6BAD54}.LiveEdit|x64.ActiveCfg = LiveEdit|x64
		{3E53F102-980E-43D2-A181-0EE92A6BAD54}.LiveEdit|x64.Build.0 = LiveEdit|x64
		{3E53F102-980E-43D2-A181-0EE92A6BAD54}.LiveEdit|x86.ActiveCfg = LiveEdit|x64
		{3E53F102-980E-43D2-A181-0EE92A6BAD54}.Mixed|Any CPU.ActiveCfg = LiveEdit|x64
		{3E53F102-980E-43D2-A181-0EE92A6BAD54}.Mixed|Any CPU.Build.0 = LiveEdit|x64
		{3E53F102-980E-43D2-A181-0EE92A6BAD54}.Mixed|Durango.ActiveCfg = LiveEdit|x64
		{3E53F102-980E-43D2-A181-0EE92A6BAD54}.Mixed|Durango.Build.0 = LiveEdit|x64
		{3E53F102-980E-43D2-A181-0EE92A6BAD54}.Mixed|x64.ActiveCfg = LiveEdit|x64
		{3E53F102-980E-43D2-A181-0EE92A6BAD54}.Mixed|x64.Build.0 = LiveEdit|x64
		{3E53F102-980E-43D2-A181-0EE92A6BAD54}.Mixed|x86.ActiveCfg = LiveEdit|x64
		{3E53F102-980E-43D2-A181-0EE92A6BAD54}.Mixed|x86.Build.0 = LiveEdit|x64
		{3E53F102-980E-43D2-A181-0EE92A6BAD54}.Release|Any CPU.ActiveCfg = Release|x64
		{3E53F102-980E-43D2-A181-0EE92A6BAD54}.Release|Durango.ActiveCfg = Release|x64
		{3E53F102-980E-43D2-A181-0EE92A6BAD54}.Release|x64.ActiveCfg = Release|x64
		{3E53F102-980E-43D2-A181-0EE92A6BAD54}.Release|x64.Build.0 = Release|x64
		{3E53F102-980E-43D2-A181-0EE92A6BAD54}.Release|x86.ActiveCfg = Release|x64
		{D1317D51-2172-46BB-898C-CD2363DD8171}.Debug|Any CPU.ActiveCfg = Debug|x64
		{D1317D51-2172-46BB-898C-CD2363DD8171}.Debug|Durango.ActiveCfg = Debug|x64
		{D1317D51-2172-46BB-898C-CD2363DD8171}.Debug|x64.ActiveCfg = Debug|x64
		{D1317D51-2172-46BB-898C-CD2363DD8171}.Debug|x64.Build.0 = Debug|x64
		{D1317D51-2172-46BB-898C-CD2363DD8171}.Debug|x86.ActiveCfg = Debug|x64
		{D1317D51-2172-46BB-898C-CD2363DD8171}.LiveEdit|Any CPU.ActiveCfg = LiveEdit|x64
		{D1317D51-2172-46BB-898C-CD2363DD8171}.LiveEdit|Durango.ActiveCfg = LiveEdit|x64
		{D1317D51-2172-46BB-898C-CD2363DD8171}.LiveEdit|x64.ActiveCfg = LiveEdit|x64
		{D1317D51-2172-46BB-898C-CD2363DD8171}.LiveEdit|x64.Build.0 = LiveEdit|x64
		{D1317D51-2172-46BB-898C-CD2363DD8171}.LiveEdit|x86.ActiveCfg = LiveEdit|x64
		{D1317D51-2172-46BB-898C-CD2363DD8171}.Mixed|Any CPU.ActiveCfg = LiveEdit|x64
		{D1317D51-2172-46BB-898C-CD2363DD8171}.Mixed|Any CPU.Build.0 = LiveEdit|x64
		{D1317D51-2172-46BB-898C-CD2363DD8171}.Mixed|Durango.ActiveCfg = LiveEdit|x64
		{D1317D51-2172-46BB-898C-CD2363DD8171}.Mixed|Durango.Build.0 = LiveEdit|x64
		{D1317D51-2172-46BB-898C-CD2363DD8171}.Mixed|x64.ActiveCfg = LiveEdit|x64
		{D1317D51-2172-46BB-898C-CD2363DD8171}.Mixed|x64.Build.0 = LiveEdit|x64
		{D1317D51-2172-46BB-898C-CD2363DD8171}.Mixed|x86.ActiveCfg = LiveEdit|x64
		{D1317D51-2172-46BB-898C-CD2363DD8171}.Mixed|x86.Build.0 = LiveEdit|x64
		{D1317D51-2172-46BB-898C-CD2363DD8171}.Release|Any CPU.ActiveCfg = Release|x64
		{D1317D51-2172-46BB-898C-CD2363DD8171}.Release|Durango.ActiveCfg = Release|x64
		{D1317D51-2172-46BB-898C-CD2363DD8171}.Release|x64.ActiveCfg = Release|x64
		{D1317D51-2172-46BB-898C-CD2363DD8171}.Release|x64.Build.0 = Release|x64
		{D1317D51-2172-46BB-898C-CD2363DD8171}.Release|x86.ActiveCfg = Release|x64
		{4DA914AA-B7E4-4CF3-8AD0-02674BFC44FA}.Debug|Any CPU.ActiveCfg = Debug|x64
		{4DA914AA-B7E4-4CF3-8AD0-02674BFC44FA}.Debug|Durango.ActiveCfg = Debug|Durango
		{4DA914AA-B7E4-4CF3-8AD0-02674BFC44FA}.Debug|Durango.Build.0 = Debug|Durango
		{4DA914AA-B7E4-4CF3-8AD0-02674BFC44FA}.Debug|x64.ActiveCfg = Debug|x64
		{4DA914AA-B7E4-4CF3-8AD0-02674BFC44FA}.Debug|x64.Build.0 = Debug|x64
		{4DA914AA-B7E4-4CF3-8AD0-02674BFC44FA}.Debug|x86.ActiveCfg = Debug|x64
		{4DA914AA-B7E4-4CF3-8AD0-02674BFC44FA}.LiveEdit|Any CPU.ActiveCfg = Release|x64
		{4DA914AA-B7E4-4CF3-8AD0-02674BFC44FA}.LiveEdit|Any CPU.Build.0 = Release|x64
		{4DA914AA-B7E4-4CF3-8AD0-02674BFC44FA}.LiveEdit|Durango.ActiveCfg = Release|Durango
		{4DA914AA-B7E4-4CF3-8AD0-02674BFC44FA}.LiveEdit|Durango.Build.0 = Release|Durango
		{4DA914AA-B7E4-4CF3-8AD0-02674BFC44FA}.LiveEdit|x64.ActiveCfg = Release|x64
		{4DA914AA-B7E4-4CF3-8AD0-02674BFC44FA}.LiveEdit|x64.Build.0 = Release|x64
		{4DA914AA-B7E4-4CF3-8AD0-02674BFC44FA}.LiveEdit|x86.ActiveCfg = Release|x64
		{4DA914AA-B7E4-4CF3-8AD0-02674BFC44FA}.LiveEdit|x86.Build.0 = Release|x64
		{4DA914AA-B7E4-4CF3-8AD0-02674BFC44FA}.Mixed|Any CPU.ActiveCfg = Release|x64
		{4DA914AA-B7E4-4CF3-8AD0-02674BFC44FA}.Mixed|Any CPU.Build.0 = Release|x64
		{4DA914AA-B7E4-4CF3-8AD0-02674BFC44FA}.Mixed|Durango.ActiveCfg = Release|Durango
		{4DA914AA-B7E4-4CF3-8AD0-02674BFC44FA}.Mixed|Durango.Build.0 = Release|Durango
		{4DA914AA-B7E4-4CF3-8AD0-02674BFC44FA}.Mixed|x64.ActiveCfg = Release|x64
		{4DA914AA-B7E4-4CF3-8AD0-02674BFC44FA}.Mixed|x64.Build.0 = Release|x64
		{4DA914AA-B7E4-4CF3-8AD0-02674BFC44FA}.Mixed|x86.ActiveCfg = Release|x64
		{4DA914AA-B7E4-4CF3-8AD0-02674BFC44FA}.Mixed|x86.Build.0 = Release|x64
		{4DA914AA-B7E4-4CF3-8AD0-02674BFC44FA}.Release|Any CPU.ActiveCfg = Release|x64
		{4DA914AA-B7E4-4CF3-8AD0-02674BFC44FA}.Release|Durango.ActiveCfg = Release|Durango
		{4DA914AA-B7E4-4CF3-8AD0-02674BFC44FA}.Release|Durango.Build.0 = Release|Durango
		{4DA914AA-B7E4-4CF3-8AD0-02674BFC44FA}.Release|x64.ActiveCfg = Release|x64
		{4DA914AA-B7E4-4CF3-8AD0-02674BFC44FA}.Release|x64.Build.0 = Release|x64
		{4DA914AA-B7E4-4CF3-8AD0-02674BFC44FA}.Release|x86.ActiveCfg = Release|x64
		{A5E0EC2A-4783-4A53-AE1E-228464FC8F69}.Debug|Any CPU.ActiveCfg = Debug|x64
		{A5E0EC2A-4783-4A53-AE1E-228464FC8F69}.Debug|Durango.ActiveCfg = Debug|x64
		{A5E0EC2A-4783-4A53-AE1E-228464FC8F69}.Debug|x64.ActiveCfg = Debug|x64
		{A5E0EC2A-4783-4A53-AE1E-228464FC8F69}.Debug|x64.Build.0 = Debug|x64
		{A5E0EC2A-4783-4A53-AE1E-228464FC8F69}.Debug|x86.ActiveCfg = Debug|x64
		{A5E0EC2A-4783-4A53-AE1E-228464FC8F69}.LiveEdit|Any CPU.ActiveCfg = LiveEdit|x64
		{A5E0EC2A-4783-4A53-AE1E-228464FC8F69}.LiveEdit|Durango.ActiveCfg = LiveEdit|x64
		{A5E0EC2A-4783-4A53-AE1E-228464FC8F69}.LiveEdit|x64.ActiveCfg = LiveEdit|x64
		{A5E0EC2A-4783-4A53-AE1E-228464FC8F69}.LiveEdit|x64.Build.0 = LiveEdit|x64
		{A5E0EC2A-4783-4A53-AE1E-228464FC8F69}.LiveEdit|x86.ActiveCfg = LiveEdit|x64
		{A5E0EC2A-4783-4A53-AE1E-228464FC8F69}.Mixed|Any CPU.ActiveCfg = LiveEdit|x64
		{A5E0EC2A-4783-4A53-AE1E-228464FC8F69}.Mixed|Any CPU.Build.0 = LiveEdit|x64
		{A5E0EC2A-4783-4A53-AE1E-228464FC8F69}.Mixed|Durango.ActiveCfg = LiveEdit|x64
		{A5E0EC2A-4783-4A53-AE1E-228464FC8F69}.Mixed|Durango.Build.0 = LiveEdit|x64
		{A5E0EC2A-4783-4A53-AE1E-228464FC8F69}.Mixed|x64.ActiveCfg = LiveEdit|x64
		{A5E0EC2A-4783-4A53-AE1E-228464FC8F69}.Mixed|x64.Build.0 = LiveEdit|x64
		{A5E0EC2A-4783-4A53-AE1E-228464FC8F69}.Mixed|x86.ActiveCfg = LiveEdit|x64
		{A5E0EC2A-4783-4A53-AE1E-228464FC8F69}.Mixed|x86.Build.0 = LiveEdit|x64
		{A5E0EC2A-4783-4A53-AE1E-228464FC8F69}.Release|Any CPU.ActiveCfg = Release|x64
		{A5E0EC2A-4783-4A53-AE1E-228464FC8F69}.Release|Durango.ActiveCfg = Release|x64
		{A5E0EC2A-4783-4A53-AE1E-228464FC8F69}.Release|x64.ActiveCfg = Release|x64
		{A5E0EC2A-4783-4A53-AE1E-228464FC8F69}.Release|x64.Build.0 = Release|x64
		{A5E0EC2A-4783-4A53-AE1E-228464FC8F69}.Release|x86.ActiveCfg = Release|x64
	EndGlobalSection
	GlobalSection(SolutionProperties) = preSolution
		HideSolutionNode = FALSE
	EndGlobalSection
	GlobalSection(NestedProjects) = preSolution
		{A19B1DF2-82EC-4364-8BDF-85D13A1C89B5} = {EE3FA7CC-88F4-428E-ADE1-DD7241638FAB}
		{A0F7D1FB-59A7-4717-A7E4-96F37E91998E} = {EE3FA7CC-88F4-428E-ADE1-DD7241638FAB}
		{2578C6D8-660D-48AE-9322-7422F8664F06} = {EE3FA7CC-88F4-428E-ADE1-DD7241638FAB}
		{200652A6-043E-4634-8837-87983B3BD5E0} = {EE3FA7CC-88F4-428E-ADE1-DD7241638FAB}
		{94A1C366-3D19-48E6-8170-4ADC2E70DF97} = {EE3FA7CC-88F4-428E-ADE1-DD7241638FAB}
		{98D24A3D-7666-4C11-9D6E-B10393CE8CBA} = {EE3FA7CC-88F4-428E-ADE1-DD7241638FAB}
		{131A9895-FE16-417A-8C41-16A5994A6D13} = {EE3FA7CC-88F4-428E-ADE1-DD7241638FAB}
		{CC52E0B3-CC35-4934-9302-035B748F3F2C} = {EE3FA7CC-88F4-428E-ADE1-DD7241638FAB}
		{CCCA7859-EB86-493E-9B53-C4235F45B3C5} = {EE3FA7CC-88F4-428E-ADE1-DD7241638FAB}
		{295BF6D3-FE39-41FC-82B3-E94F97E24845} = {EE3FA7CC-88F4-428E-ADE1-DD7241638FAB}
		{9E14D7B5-9D0E-4373-B076-33DD4BECDBA0} = {A28BCAC5-B838-4447-9557-E35664008FEC}
		{76485157-3A23-47E9-8A5E-5B190F91511C} = {A28BCAC5-B838-4447-9557-E35664008FEC}
		{2EC67BBC-CEBD-4B24-993B-1EEC4ABF439B} = {5E3D3BAF-C318-443F-BA19-37E602FEF71A}
		{77B2C98B-7F21-4595-9E67-47289E30BDBD} = {5E3D3BAF-C318-443F-BA19-37E602FEF71A}
		{3EF2B2BE-CFA7-497B-83B5-275D79096129} = {EE3FA7CC-88F4-428E-ADE1-DD7241638FAB}
		{ACE4DA6A-FD27-4006-94BA-E0132A51930E} = {3EF2B2BE-CFA7-497B-83B5-275D79096129}
		{09DC3343-46CA-4D55-BFE3-317C0FF02E52} = {3EF2B2BE-CFA7-497B-83B5-275D79096129}
		{DECF49BA-E334-47D5-8C0C-D6C3DC67A759} = {3EF2B2BE-CFA7-497B-83B5-275D79096129}
		{C4DEFC31-A910-4339-99B3-6C410DC19AD0} = {3EF2B2BE-CFA7-497B-83B5-275D79096129}
		{42986579-D91D-4523-AE54-0BFFEB0748C2} = {3EF2B2BE-CFA7-497B-83B5-275D79096129}
		{D5AB4347-A96F-478D-9B44-9E3CBBDFCBDB} = {3EF2B2BE-CFA7-497B-83B5-275D79096129}
		{DA8B5B58-70DE-490D-B0AA-92B88596BDB2} = {EE3FA7CC-88F4-428E-ADE1-DD7241638FAB}
		{AC9B12ED-A2D7-4337-A981-5BD8430E96D8} = {DA8B5B58-70DE-490D-B0AA-92B88596BDB2}
		{9FB10D09-B11C-4D5C-AC31-F871781EF6EB} = {DA8B5B58-70DE-490D-B0AA-92B88596BDB2}
		{58818F0E-2DA2-48E4-9BB8-4D7629426F25} = {DA8B5B58-70DE-490D-B0AA-92B88596BDB2}
		{699C6852-F2E6-47FC-AE9A-E06C94C65229} = {E610A9FD-B941-4395-A9AE-E38156E7D3FF}
		{471C6E53-3038-4AB2-B913-6DE27C79DD16} = {699C6852-F2E6-47FC-AE9A-E06C94C65229}
		{1BF75FEB-87DD-486C-880B-227987D191C2} = {699C6852-F2E6-47FC-AE9A-E06C94C65229}
		{AE0574E2-BE4C-49B0-98A6-739176D69277} = {699C6852-F2E6-47FC-AE9A-E06C94C65229}
		{84284E7A-682C-41F9-AE30-2DE553EACC5B} = {E610A9FD-B941-4395-A9AE-E38156E7D3FF}
		{15CBFEFF-7965-41F5-B4E2-21E8795C9159} = {84284E7A-682C-41F9-AE30-2DE553EACC5B}
		{3E53F102-980E-43D2-A181-0EE92A6BAD54} = {84284E7A-682C-41F9-AE30-2DE553EACC5B}
		{D1317D51-2172-46BB-898C-CD2363DD8171} = {E610A9FD-B941-4395-A9AE-E38156E7D3FF}
		{4DA914AA-B7E4-4CF3-8AD0-02674BFC44FA} = {E610A9FD-B941-4395-A9AE-E38156E7D3FF}
		{A5E0EC2A-4783-4A53-AE1E-228464FC8F69} = {E610A9FD-B941-4395-A9AE-E38156E7D3FF}
	EndGlobalSection
	GlobalSection(ExtensibilityGlobals) = postSolution
		SolutionGuid = {9FAE3D7C-1065-44DE-8031-35C622962903}
	EndGlobalSection
EndGlobal
